// !$*UTF8*$!
{
	archiveVersion = 1;
	classes = {
	};
	objectVersion = 46;
	objects = {

/* Begin PBXBuildFile section */
		1DDD58160DA1D0A300B32029 /* MainMenu.xib in Resources */ = {isa = PBXBuildFile; fileRef = 1DDD58140DA1D0A300B32029 /* MainMenu.xib */; };
		8D11072B0486CEB800E47090 /* InfoPlist.strings in Resources */ = {isa = PBXBuildFile; fileRef = 089C165CFE840E0CC02AAC07 /* InfoPlist.strings */; };
		8D11072D0486CEB800E47090 /* main.m in Sources */ = {isa = PBXBuildFile; fileRef = 29B97316FDCFA39411CA2CEA /* main.m */; settings = {ATTRIBUTES = (); }; };
		8D11072F0486CEB800E47090 /* Cocoa.framework in Frameworks */ = {isa = PBXBuildFile; fileRef = 1058C7A1FEA54F0111CA2CBB /* Cocoa.framework */; };
		972CA4F815830FC000C0BB9E /* NSObject+SBJson.h in Headers */ = {isa = PBXBuildFile; fileRef = FA37A23515146BBD007F2605 /* NSObject+SBJson.h */; settings = {ATTRIBUTES = (Public, ); }; };
		972CA4F915830FC000C0BB9E /* SBJson.h in Headers */ = {isa = PBXBuildFile; fileRef = FA37A23715146BBD007F2605 /* SBJson.h */; settings = {ATTRIBUTES = (Public, ); }; };
		972CA4FA15830FC000C0BB9E /* SBJsonParser.h in Headers */ = {isa = PBXBuildFile; fileRef = FA37A23815146BBD007F2605 /* SBJsonParser.h */; settings = {ATTRIBUTES = (Public, ); }; };
		972CA4FB15830FC000C0BB9E /* SBJsonStreamParser.h in Headers */ = {isa = PBXBuildFile; fileRef = FA37A23A15146BBD007F2605 /* SBJsonStreamParser.h */; settings = {ATTRIBUTES = (Public, ); }; };
		972CA4FC15830FC000C0BB9E /* SBJsonStreamParserAccumulator.h in Headers */ = {isa = PBXBuildFile; fileRef = FA37A23C15146BBD007F2605 /* SBJsonStreamParserAccumulator.h */; settings = {ATTRIBUTES = (Public, ); }; };
		972CA4FD15830FC000C0BB9E /* SBJsonStreamParserAdapter.h in Headers */ = {isa = PBXBuildFile; fileRef = FA37A23E15146BBD007F2605 /* SBJsonStreamParserAdapter.h */; settings = {ATTRIBUTES = (Public, ); }; };
		972CA4FE15830FC000C0BB9E /* SBJsonStreamParserState.h in Headers */ = {isa = PBXBuildFile; fileRef = FA37A24015146BBD007F2605 /* SBJsonStreamParserState.h */; settings = {ATTRIBUTES = (Public, ); }; };
		972CA4FF15830FC000C0BB9E /* SBJsonStreamWriter.h in Headers */ = {isa = PBXBuildFile; fileRef = FA37A24215146BBD007F2605 /* SBJsonStreamWriter.h */; settings = {ATTRIBUTES = (Public, ); }; };
		972CA50015830FC000C0BB9E /* SBJsonStreamWriterAccumulator.h in Headers */ = {isa = PBXBuildFile; fileRef = FA37A24415146BBD007F2605 /* SBJsonStreamWriterAccumulator.h */; settings = {ATTRIBUTES = (Public, ); }; };
		972CA50115830FC000C0BB9E /* SBJsonStreamWriterState.h in Headers */ = {isa = PBXBuildFile; fileRef = FA37A24615146BBD007F2605 /* SBJsonStreamWriterState.h */; settings = {ATTRIBUTES = (Public, ); }; };
		972CA50215830FC000C0BB9E /* SBJsonTokeniser.h in Headers */ = {isa = PBXBuildFile; fileRef = FA37A24815146BBD007F2605 /* SBJsonTokeniser.h */; settings = {ATTRIBUTES = (Public, ); }; };
		972CA50315830FC000C0BB9E /* SBJsonUTF8Stream.h in Headers */ = {isa = PBXBuildFile; fileRef = FA37A24A15146BBD007F2605 /* SBJsonUTF8Stream.h */; settings = {ATTRIBUTES = (Public, ); }; };
		972CA50415830FC000C0BB9E /* SBJsonWriter.h in Headers */ = {isa = PBXBuildFile; fileRef = FA37A24C15146BBD007F2605 /* SBJsonWriter.h */; settings = {ATTRIBUTES = (Public, ); }; };
		972CA5051583101E00C0BB9E /* AudioStreamer.h in Headers */ = {isa = PBXBuildFile; fileRef = FACF0183149A713700D1FB73 /* AudioStreamer.h */; settings = {ATTRIBUTES = (Public, ); }; };
		97539FAD158442A500D1E65C /* URLConnection.m in Sources */ = {isa = PBXBuildFile; fileRef = 97539FAC158442A500D1E65C /* URLConnection.m */; };
		FA04AE96144365D900819310 /* HistoryItem.m in Sources */ = {isa = PBXBuildFile; fileRef = FA04AE95144365D900819310 /* HistoryItem.m */; };
		FA04AE9C14438F1000819310 /* thumbdown.png in Resources */ = {isa = PBXBuildFile; fileRef = FA04AE9A14438F1000819310 /* thumbdown.png */; };
		FA04AE9D14438F1000819310 /* thumbup.png in Resources */ = {isa = PBXBuildFile; fileRef = FA04AE9B14438F1000819310 /* thumbup.png */; };
		FA0E555A14784A3000C36794 /* Hermes.sdef in Resources */ = {isa = PBXBuildFile; fileRef = FA0E555914784A3000C36794 /* Hermes.sdef */; };
		FA0E556114784AF500C36794 /* AppleScript.m in Sources */ = {isa = PBXBuildFile; fileRef = FA0E556014784AF500C36794 /* AppleScript.m */; };
		FA1063BE132C6A8A00D6DE42 /* Keychain.m in Sources */ = {isa = PBXBuildFile; fileRef = FA1063BD132C6A8A00D6DE42 /* Keychain.m */; };
		FA228EC9137045E90070141A /* AudioToolbox.framework in Frameworks */ = {isa = PBXBuildFile; fileRef = FA228EC8137045E90070141A /* AudioToolbox.framework */; };
		FA228ECB137045F40070141A /* Security.framework in Frameworks */ = {isa = PBXBuildFile; fileRef = FA228ECA137045F40070141A /* Security.framework */; };
		FA229D6514429E48008AB9FE /* history.png in Resources */ = {isa = PBXBuildFile; fileRef = FA229D6414429E48008AB9FE /* history.png */; };
		FA229D6814429F69008AB9FE /* HistoryController.m in Sources */ = {isa = PBXBuildFile; fileRef = FA229D6714429F68008AB9FE /* HistoryController.m */; };
		FA2442BB136B18DC00E126D3 /* PreferencesController.m in Sources */ = {isa = PBXBuildFile; fileRef = FA2442BA136B18DC00E126D3 /* PreferencesController.m */; };
		FA2A3F7F132BF97E0089AECC /* StationsController.m in Sources */ = {isa = PBXBuildFile; fileRef = FA2A3F76132BF97E0089AECC /* StationsController.m */; };
		FA2A3F80132BF97E0089AECC /* Pandora.m in Sources */ = {isa = PBXBuildFile; fileRef = FA2A3F78132BF97E0089AECC /* Pandora.m */; };
		FA2A3F98132BF9F50089AECC /* Crypt.m in Sources */ = {isa = PBXBuildFile; fileRef = FA2A3F92132BF9F50089AECC /* Crypt.m */; };
		FA2A3F99132BF9F50089AECC /* Song.m in Sources */ = {isa = PBXBuildFile; fileRef = FA2A3F95132BF9F50089AECC /* Song.m */; };
		FA2A3F9A132BF9F50089AECC /* Station.m in Sources */ = {isa = PBXBuildFile; fileRef = FA2A3F97132BF9F50089AECC /* Station.m */; };
		FA37A24F15146BBD007F2605 /* NSObject+SBJson.m in Sources */ = {isa = PBXBuildFile; fileRef = FA37A23615146BBD007F2605 /* NSObject+SBJson.m */; };
		FA37A25215146BBD007F2605 /* SBJsonParser.m in Sources */ = {isa = PBXBuildFile; fileRef = FA37A23915146BBD007F2605 /* SBJsonParser.m */; };
		FA37A25415146BBD007F2605 /* SBJsonStreamParser.m in Sources */ = {isa = PBXBuildFile; fileRef = FA37A23B15146BBD007F2605 /* SBJsonStreamParser.m */; };
		FA37A25615146BBD007F2605 /* SBJsonStreamParserAccumulator.m in Sources */ = {isa = PBXBuildFile; fileRef = FA37A23D15146BBD007F2605 /* SBJsonStreamParserAccumulator.m */; };
		FA37A25815146BBD007F2605 /* SBJsonStreamParserAdapter.m in Sources */ = {isa = PBXBuildFile; fileRef = FA37A23F15146BBD007F2605 /* SBJsonStreamParserAdapter.m */; };
		FA37A25A15146BBD007F2605 /* SBJsonStreamParserState.m in Sources */ = {isa = PBXBuildFile; fileRef = FA37A24115146BBD007F2605 /* SBJsonStreamParserState.m */; };
		FA37A25C15146BBD007F2605 /* SBJsonStreamWriter.m in Sources */ = {isa = PBXBuildFile; fileRef = FA37A24315146BBD007F2605 /* SBJsonStreamWriter.m */; };
		FA37A25E15146BBD007F2605 /* SBJsonStreamWriterAccumulator.m in Sources */ = {isa = PBXBuildFile; fileRef = FA37A24515146BBD007F2605 /* SBJsonStreamWriterAccumulator.m */; };
		FA37A26015146BBD007F2605 /* SBJsonStreamWriterState.m in Sources */ = {isa = PBXBuildFile; fileRef = FA37A24715146BBD007F2605 /* SBJsonStreamWriterState.m */; };
		FA37A26215146BBD007F2605 /* SBJsonTokeniser.m in Sources */ = {isa = PBXBuildFile; fileRef = FA37A24915146BBD007F2605 /* SBJsonTokeniser.m */; };
		FA37A26415146BBD007F2605 /* SBJsonUTF8Stream.m in Sources */ = {isa = PBXBuildFile; fileRef = FA37A24B15146BBD007F2605 /* SBJsonUTF8Stream.m */; };
		FA37A26615146BBD007F2605 /* SBJsonWriter.m in Sources */ = {isa = PBXBuildFile; fileRef = FA37A24D15146BBD007F2605 /* SBJsonWriter.m */; };
		FA37A26A15146CD4007F2605 /* libSBJson.a in Frameworks */ = {isa = PBXBuildFile; fileRef = FA37A0B715146ACE007F2605 /* libSBJson.a */; };
		FA3CFE29132F9D30003554E2 /* missing-album.png in Resources */ = {isa = PBXBuildFile; fileRef = FA3CFE28132F9D30003554E2 /* missing-album.png */; };
		FA3CFF44132FC4CF003554E2 /* PlaybackController.m in Sources */ = {isa = PBXBuildFile; fileRef = FA3CFF43132FC4CF003554E2 /* PlaybackController.m */; };
		FA454685156604D100EE98C7 /* blowfish.c in Sources */ = {isa = PBXBuildFile; fileRef = FA454683156604D100EE98C7 /* blowfish.c */; };
		FA560C511331701E00215F71 /* ImageLoader.m in Sources */ = {isa = PBXBuildFile; fileRef = FA560C501331701E00215F71 /* ImageLoader.m */; };
		FA570770156D700900AD5E66 /* action.png in Resources */ = {isa = PBXBuildFile; fileRef = FA57076F156D700900AD5E66 /* action.png */; };
		FA6E801B1438E4B700D01FB5 /* Growl.framework in Frameworks */ = {isa = PBXBuildFile; fileRef = FA6E801A1438E4B700D01FB5 /* Growl.framework */; settings = {ATTRIBUTES = (Required, ); }; };
		FA6E801E1438E50C00D01FB5 /* Growler.m in Sources */ = {isa = PBXBuildFile; fileRef = FA6E801D1438E50C00D01FB5 /* Growler.m */; };
		FA6E801F1438E96F00D01FB5 /* Growl.framework in CopyFiles */ = {isa = PBXBuildFile; fileRef = FA6E801A1438E4B700D01FB5 /* Growl.framework */; };
		FA6FE347132FF5AA00D1FF1C /* API.m in Sources */ = {isa = PBXBuildFile; fileRef = FA6FE346132FF5AA00D1FF1C /* API.m */; };
		FA7BF0321331832E00E26ADA /* zzs.png in Resources */ = {isa = PBXBuildFile; fileRef = FA7BF0311331832E00E26ADA /* zzs.png */; };
		FA7FD1E413325F6600DF66EB /* volume_up.png in Resources */ = {isa = PBXBuildFile; fileRef = FA7FD1E313325F6600DF66EB /* volume_up.png */; };
		FA85E6CE1333B257005C96B8 /* volume_down.icns in Resources */ = {isa = PBXBuildFile; fileRef = FA85E6CD1333B257005C96B8 /* volume_down.icns */; };
		FA85E72E13347A64005C96B8 /* HermesAppDelegate.m in Sources */ = {isa = PBXBuildFile; fileRef = 256AC3D90F4B6AC300CF3369 /* HermesAppDelegate.m */; };
		FA949679133AF3AD007B6F36 /* Credits.html in Resources */ = {isa = PBXBuildFile; fileRef = FA949678133AF3AD007B6F36 /* Credits.html */; };
		FA94E6ED1368E5830063860C /* FMEngine.m in Sources */ = {isa = PBXBuildFile; fileRef = FA94E6E71368E5830063860C /* FMEngine.m */; };
		FA94E6EF1368E5830063860C /* NSString+FMEngine.m in Sources */ = {isa = PBXBuildFile; fileRef = FA94E6EB1368E5830063860C /* NSString+FMEngine.m */; };
		FA94E6F81368E62C0063860C /* Scrobbler.m in Sources */ = {isa = PBXBuildFile; fileRef = FA94E6F71368E62C0063860C /* Scrobbler.m */; };
		FAAB28CF1336FB0300FC04C4 /* pandora.icns in Resources */ = {isa = PBXBuildFile; fileRef = FAAB28CE1336FB0300FC04C4 /* pandora.icns */; };
		FACF0185149A713700D1FB73 /* AudioStreamer.m in Sources */ = {isa = PBXBuildFile; fileRef = FACF0184149A713700D1FB73 /* AudioStreamer.m */; };
		FACF018B149A718300D1FB73 /* libAudioStreamer.a in Frameworks */ = {isa = PBXBuildFile; fileRef = FACF017D149A713700D1FB73 /* libAudioStreamer.a */; };
		FACFACD615673690008A2140 /* StationController.m in Sources */ = {isa = PBXBuildFile; fileRef = FACFACD515673690008A2140 /* StationController.m */; };
		FAD42F8813678F7500E935CA /* Sparkle.framework in Frameworks */ = {isa = PBXBuildFile; fileRef = FAD42F8713678F7500E935CA /* Sparkle.framework */; };
		FAD42FA013678FB000E935CA /* Sparkle.framework in CopyFiles */ = {isa = PBXBuildFile; fileRef = FAD42F8713678F7500E935CA /* Sparkle.framework */; };
		FAD42FA4136790DE00E935CA /* dsa_pub.pem in Resources */ = {isa = PBXBuildFile; fileRef = FAD42FA3136790DE00E935CA /* dsa_pub.pem */; };
		FAD9EC15135DB41700560C5A /* AppleMediaKeyController.m in Sources */ = {isa = PBXBuildFile; fileRef = FAD9EC14135DB41700560C5A /* AppleMediaKeyController.m */; };
		FAEFFAB1132CB173007DC6FB /* AuthController.m in Sources */ = {isa = PBXBuildFile; fileRef = FAEFFAB0132CB173007DC6FB /* AuthController.m */; };
		FAEFFBD5132CC0E2007DC6FB /* error_icon.png in Resources */ = {isa = PBXBuildFile; fileRef = FAEFFBD4132CC0E2007DC6FB /* error_icon.png */; };
		FAEFFC4D132D6D2A007DC6FB /* pause.png in Resources */ = {isa = PBXBuildFile; fileRef = FAEFFC4B132D6D2A007DC6FB /* pause.png */; };
		FAEFFC4E132D6D2A007DC6FB /* play.png in Resources */ = {isa = PBXBuildFile; fileRef = FAEFFC4C132D6D2A007DC6FB /* play.png */; };
		FAEFFC52132D6EC5007DC6FB /* fast_forward.png in Resources */ = {isa = PBXBuildFile; fileRef = FAEFFC51132D6EC5007DC6FB /* fast_forward.png */; };
		FAFF50D1132EFDD800F02CE0 /* delete.png in Resources */ = {isa = PBXBuildFile; fileRef = FAFF50D0132EFDD800F02CE0 /* delete.png */; };
/* End PBXBuildFile section */

/* Begin PBXContainerItemProxy section */
		FA37A0C315146AFA007F2605 /* PBXContainerItemProxy */ = {
			isa = PBXContainerItemProxy;
			containerPortal = 29B97313FDCFA39411CA2CEA /* Project object */;
			proxyType = 1;
			remoteGlobalIDString = FA37A0B615146ACE007F2605;
			remoteInfo = SBJson;
		};
		FAA313F613C98C9A00314C73 /* PBXContainerItemProxy */ = {
			isa = PBXContainerItemProxy;
			containerPortal = 29B97313FDCFA39411CA2CEA /* Project object */;
			proxyType = 1;
			remoteGlobalIDString = 8D1107260486CEB800E47090;
			remoteInfo = Hermes;
		};
		FACF0189149A715C00D1FB73 /* PBXContainerItemProxy */ = {
			isa = PBXContainerItemProxy;
			containerPortal = 29B97313FDCFA39411CA2CEA /* Project object */;
			proxyType = 1;
			remoteGlobalIDString = FACF017C149A713700D1FB73;
			remoteInfo = AudioStreamer;
		};
/* End PBXContainerItemProxy section */

/* Begin PBXCopyFilesBuildPhase section */
		FAD42F9E13678F8800E935CA /* CopyFiles */ = {
			isa = PBXCopyFilesBuildPhase;
			buildActionMask = 2147483647;
			dstPath = "";
			dstSubfolderSpec = 10;
			files = (
				FAD42FA013678FB000E935CA /* Sparkle.framework in CopyFiles */,
				FA6E801F1438E96F00D01FB5 /* Growl.framework in CopyFiles */,
			);
			runOnlyForDeploymentPostprocessing = 0;
		};
/* End PBXCopyFilesBuildPhase section */

/* Begin PBXFileReference section */
		089C165DFE840E0CC02AAC07 /* English */ = {isa = PBXFileReference; fileEncoding = 4; lastKnownFileType = text.plist.strings; name = English; path = English.lproj/InfoPlist.strings; sourceTree = "<group>"; };
		1058C7A1FEA54F0111CA2CBB /* Cocoa.framework */ = {isa = PBXFileReference; lastKnownFileType = wrapper.framework; name = Cocoa.framework; path = /System/Library/Frameworks/Cocoa.framework; sourceTree = "<absolute>"; };
		13E42FB307B3F0F600E4EEF1 /* CoreData.framework */ = {isa = PBXFileReference; lastKnownFileType = wrapper.framework; name = CoreData.framework; path = /System/Library/Frameworks/CoreData.framework; sourceTree = "<absolute>"; };
		1DDD58150DA1D0A300B32029 /* English */ = {isa = PBXFileReference; lastKnownFileType = file.xib; name = English; path = English.lproj/MainMenu.xib; sourceTree = "<group>"; };
		256AC3D80F4B6AC300CF3369 /* HermesAppDelegate.h */ = {isa = PBXFileReference; fileEncoding = 4; lastKnownFileType = sourcecode.c.h; path = HermesAppDelegate.h; sourceTree = "<group>"; };
		256AC3D90F4B6AC300CF3369 /* HermesAppDelegate.m */ = {isa = PBXFileReference; fileEncoding = 4; lastKnownFileType = sourcecode.c.objc; path = HermesAppDelegate.m; sourceTree = "<group>"; wrapsLines = 0; };
		256AC3F00F4B6AF500CF3369 /* Hermes_Prefix.pch */ = {isa = PBXFileReference; fileEncoding = 4; lastKnownFileType = sourcecode.c.h; path = Hermes_Prefix.pch; sourceTree = "<group>"; };
		29B97316FDCFA39411CA2CEA /* main.m */ = {isa = PBXFileReference; fileEncoding = 4; lastKnownFileType = sourcecode.c.objc; path = main.m; sourceTree = "<group>"; };
		29B97324FDCFA39411CA2CEA /* AppKit.framework */ = {isa = PBXFileReference; lastKnownFileType = wrapper.framework; name = AppKit.framework; path = /System/Library/Frameworks/AppKit.framework; sourceTree = "<absolute>"; };
		29B97325FDCFA39411CA2CEA /* Foundation.framework */ = {isa = PBXFileReference; lastKnownFileType = wrapper.framework; name = Foundation.framework; path = /System/Library/Frameworks/Foundation.framework; sourceTree = "<absolute>"; };
		8D1107310486CEB800E47090 /* Hermes-Info.plist */ = {isa = PBXFileReference; fileEncoding = 4; lastKnownFileType = text.plist.xml; path = "Hermes-Info.plist"; sourceTree = "<group>"; };
		8D1107320486CEB800E47090 /* Hermes.app */ = {isa = PBXFileReference; explicitFileType = wrapper.application; includeInIndex = 0; path = Hermes.app; sourceTree = BUILT_PRODUCTS_DIR; };
		97539FAB158442A500D1E65C /* URLConnection.h */ = {isa = PBXFileReference; fileEncoding = 4; lastKnownFileType = sourcecode.c.h; path = URLConnection.h; sourceTree = "<group>"; };
		97539FAC158442A500D1E65C /* URLConnection.m */ = {isa = PBXFileReference; fileEncoding = 4; lastKnownFileType = sourcecode.c.objc; path = URLConnection.m; sourceTree = "<group>"; };
		FA04AE94144365D900819310 /* HistoryItem.h */ = {isa = PBXFileReference; fileEncoding = 4; lastKnownFileType = sourcecode.c.h; path = HistoryItem.h; sourceTree = "<group>"; };
		FA04AE95144365D900819310 /* HistoryItem.m */ = {isa = PBXFileReference; fileEncoding = 4; lastKnownFileType = sourcecode.c.objc; path = HistoryItem.m; sourceTree = "<group>"; };
		FA04AE9A14438F1000819310 /* thumbdown.png */ = {isa = PBXFileReference; lastKnownFileType = image.png; path = thumbdown.png; sourceTree = "<group>"; };
		FA04AE9B14438F1000819310 /* thumbup.png */ = {isa = PBXFileReference; lastKnownFileType = image.png; path = thumbup.png; sourceTree = "<group>"; };
		FA0E555914784A3000C36794 /* Hermes.sdef */ = {isa = PBXFileReference; fileEncoding = 4; lastKnownFileType = text; path = Hermes.sdef; sourceTree = "<group>"; };
		FA0E555F14784AF500C36794 /* AppleScript.h */ = {isa = PBXFileReference; fileEncoding = 4; lastKnownFileType = sourcecode.c.h; name = AppleScript.h; path = Commands/AppleScript.h; sourceTree = "<group>"; };
		FA0E556014784AF500C36794 /* AppleScript.m */ = {isa = PBXFileReference; fileEncoding = 4; lastKnownFileType = sourcecode.c.objc; name = AppleScript.m; path = Commands/AppleScript.m; sourceTree = "<group>"; };
		FA1063BC132C6A8A00D6DE42 /* Keychain.h */ = {isa = PBXFileReference; fileEncoding = 4; lastKnownFileType = sourcecode.c.h; path = Keychain.h; sourceTree = "<group>"; };
		FA1063BD132C6A8A00D6DE42 /* Keychain.m */ = {isa = PBXFileReference; fileEncoding = 4; lastKnownFileType = sourcecode.c.objc; path = Keychain.m; sourceTree = "<group>"; };
		FA228EC8137045E90070141A /* AudioToolbox.framework */ = {isa = PBXFileReference; lastKnownFileType = wrapper.framework; name = AudioToolbox.framework; path = /System/Library/Frameworks/AudioToolbox.framework; sourceTree = "<absolute>"; };
		FA228ECA137045F40070141A /* Security.framework */ = {isa = PBXFileReference; lastKnownFileType = wrapper.framework; name = Security.framework; path = /System/Library/Frameworks/Security.framework; sourceTree = "<absolute>"; };
		FA229D6414429E48008AB9FE /* history.png */ = {isa = PBXFileReference; lastKnownFileType = image.png; path = history.png; sourceTree = "<group>"; };
		FA229D6614429F68008AB9FE /* HistoryController.h */ = {isa = PBXFileReference; fileEncoding = 4; lastKnownFileType = sourcecode.c.h; path = HistoryController.h; sourceTree = "<group>"; };
		FA229D6714429F68008AB9FE /* HistoryController.m */ = {isa = PBXFileReference; fileEncoding = 4; lastKnownFileType = sourcecode.c.objc; path = HistoryController.m; sourceTree = "<group>"; };
		FA2442B9136B18DC00E126D3 /* PreferencesController.h */ = {isa = PBXFileReference; fileEncoding = 4; lastKnownFileType = sourcecode.c.h; path = PreferencesController.h; sourceTree = "<group>"; };
		FA2442BA136B18DC00E126D3 /* PreferencesController.m */ = {isa = PBXFileReference; fileEncoding = 4; lastKnownFileType = sourcecode.c.objc; path = PreferencesController.m; sourceTree = "<group>"; };
		FA24435E136B3D6C00E126D3 /* CHANGELOG.md */ = {isa = PBXFileReference; fileEncoding = 4; lastKnownFileType = text; name = CHANGELOG.md; path = ../CHANGELOG.md; sourceTree = "<group>"; };
		FA24435F136B3D6C00E126D3 /* README.md */ = {isa = PBXFileReference; fileEncoding = 4; lastKnownFileType = text; name = README.md; path = ../README.md; sourceTree = "<group>"; };
		FA2A3F75132BF97E0089AECC /* StationsController.h */ = {isa = PBXFileReference; fileEncoding = 4; lastKnownFileType = sourcecode.c.h; path = StationsController.h; sourceTree = "<group>"; };
		FA2A3F76132BF97E0089AECC /* StationsController.m */ = {isa = PBXFileReference; fileEncoding = 4; lastKnownFileType = sourcecode.c.objc; path = StationsController.m; sourceTree = "<group>"; };
		FA2A3F77132BF97E0089AECC /* Pandora.h */ = {isa = PBXFileReference; fileEncoding = 4; lastKnownFileType = sourcecode.c.h; path = Pandora.h; sourceTree = "<group>"; };
		FA2A3F78132BF97E0089AECC /* Pandora.m */ = {isa = PBXFileReference; fileEncoding = 4; lastKnownFileType = sourcecode.c.objc; path = Pandora.m; sourceTree = "<group>"; };
		FA2A3F91132BF9F50089AECC /* Crypt.h */ = {isa = PBXFileReference; fileEncoding = 4; lastKnownFileType = sourcecode.c.h; path = Crypt.h; sourceTree = "<group>"; };
		FA2A3F92132BF9F50089AECC /* Crypt.m */ = {isa = PBXFileReference; fileEncoding = 4; lastKnownFileType = sourcecode.c.objc; path = Crypt.m; sourceTree = "<group>"; };
		FA2A3F94132BF9F50089AECC /* Song.h */ = {isa = PBXFileReference; fileEncoding = 4; lastKnownFileType = sourcecode.c.h; path = Song.h; sourceTree = "<group>"; };
		FA2A3F95132BF9F50089AECC /* Song.m */ = {isa = PBXFileReference; fileEncoding = 4; lastKnownFileType = sourcecode.c.objc; path = Song.m; sourceTree = "<group>"; };
		FA2A3F96132BF9F50089AECC /* Station.h */ = {isa = PBXFileReference; fileEncoding = 4; lastKnownFileType = sourcecode.c.h; path = Station.h; sourceTree = "<group>"; };
		FA2A3F97132BF9F50089AECC /* Station.m */ = {isa = PBXFileReference; fileEncoding = 4; lastKnownFileType = sourcecode.c.objc; path = Station.m; sourceTree = "<group>"; };
		FA37A0B715146ACE007F2605 /* libSBJson.a */ = {isa = PBXFileReference; explicitFileType = archive.ar; includeInIndex = 0; path = libSBJson.a; sourceTree = BUILT_PRODUCTS_DIR; };
		FA37A23515146BBD007F2605 /* NSObject+SBJson.h */ = {isa = PBXFileReference; fileEncoding = 4; lastKnownFileType = sourcecode.c.h; path = "NSObject+SBJson.h"; sourceTree = "<group>"; };
		FA37A23615146BBD007F2605 /* NSObject+SBJson.m */ = {isa = PBXFileReference; fileEncoding = 4; lastKnownFileType = sourcecode.c.objc; path = "NSObject+SBJson.m"; sourceTree = "<group>"; };
		FA37A23715146BBD007F2605 /* SBJson.h */ = {isa = PBXFileReference; fileEncoding = 4; lastKnownFileType = sourcecode.c.h; path = SBJson.h; sourceTree = "<group>"; };
		FA37A23815146BBD007F2605 /* SBJsonParser.h */ = {isa = PBXFileReference; fileEncoding = 4; lastKnownFileType = sourcecode.c.h; path = SBJsonParser.h; sourceTree = "<group>"; };
		FA37A23915146BBD007F2605 /* SBJsonParser.m */ = {isa = PBXFileReference; fileEncoding = 4; lastKnownFileType = sourcecode.c.objc; path = SBJsonParser.m; sourceTree = "<group>"; };
		FA37A23A15146BBD007F2605 /* SBJsonStreamParser.h */ = {isa = PBXFileReference; fileEncoding = 4; lastKnownFileType = sourcecode.c.h; path = SBJsonStreamParser.h; sourceTree = "<group>"; };
		FA37A23B15146BBD007F2605 /* SBJsonStreamParser.m */ = {isa = PBXFileReference; fileEncoding = 4; lastKnownFileType = sourcecode.c.objc; path = SBJsonStreamParser.m; sourceTree = "<group>"; };
		FA37A23C15146BBD007F2605 /* SBJsonStreamParserAccumulator.h */ = {isa = PBXFileReference; fileEncoding = 4; lastKnownFileType = sourcecode.c.h; path = SBJsonStreamParserAccumulator.h; sourceTree = "<group>"; };
		FA37A23D15146BBD007F2605 /* SBJsonStreamParserAccumulator.m */ = {isa = PBXFileReference; fileEncoding = 4; lastKnownFileType = sourcecode.c.objc; path = SBJsonStreamParserAccumulator.m; sourceTree = "<group>"; };
		FA37A23E15146BBD007F2605 /* SBJsonStreamParserAdapter.h */ = {isa = PBXFileReference; fileEncoding = 4; lastKnownFileType = sourcecode.c.h; path = SBJsonStreamParserAdapter.h; sourceTree = "<group>"; };
		FA37A23F15146BBD007F2605 /* SBJsonStreamParserAdapter.m */ = {isa = PBXFileReference; fileEncoding = 4; lastKnownFileType = sourcecode.c.objc; path = SBJsonStreamParserAdapter.m; sourceTree = "<group>"; };
		FA37A24015146BBD007F2605 /* SBJsonStreamParserState.h */ = {isa = PBXFileReference; fileEncoding = 4; lastKnownFileType = sourcecode.c.h; path = SBJsonStreamParserState.h; sourceTree = "<group>"; };
		FA37A24115146BBD007F2605 /* SBJsonStreamParserState.m */ = {isa = PBXFileReference; fileEncoding = 4; lastKnownFileType = sourcecode.c.objc; path = SBJsonStreamParserState.m; sourceTree = "<group>"; };
		FA37A24215146BBD007F2605 /* SBJsonStreamWriter.h */ = {isa = PBXFileReference; fileEncoding = 4; lastKnownFileType = sourcecode.c.h; path = SBJsonStreamWriter.h; sourceTree = "<group>"; };
		FA37A24315146BBD007F2605 /* SBJsonStreamWriter.m */ = {isa = PBXFileReference; fileEncoding = 4; lastKnownFileType = sourcecode.c.objc; path = SBJsonStreamWriter.m; sourceTree = "<group>"; };
		FA37A24415146BBD007F2605 /* SBJsonStreamWriterAccumulator.h */ = {isa = PBXFileReference; fileEncoding = 4; lastKnownFileType = sourcecode.c.h; path = SBJsonStreamWriterAccumulator.h; sourceTree = "<group>"; };
		FA37A24515146BBD007F2605 /* SBJsonStreamWriterAccumulator.m */ = {isa = PBXFileReference; fileEncoding = 4; lastKnownFileType = sourcecode.c.objc; path = SBJsonStreamWriterAccumulator.m; sourceTree = "<group>"; };
		FA37A24615146BBD007F2605 /* SBJsonStreamWriterState.h */ = {isa = PBXFileReference; fileEncoding = 4; lastKnownFileType = sourcecode.c.h; path = SBJsonStreamWriterState.h; sourceTree = "<group>"; };
		FA37A24715146BBD007F2605 /* SBJsonStreamWriterState.m */ = {isa = PBXFileReference; fileEncoding = 4; lastKnownFileType = sourcecode.c.objc; path = SBJsonStreamWriterState.m; sourceTree = "<group>"; };
		FA37A24815146BBD007F2605 /* SBJsonTokeniser.h */ = {isa = PBXFileReference; fileEncoding = 4; lastKnownFileType = sourcecode.c.h; path = SBJsonTokeniser.h; sourceTree = "<group>"; };
		FA37A24915146BBD007F2605 /* SBJsonTokeniser.m */ = {isa = PBXFileReference; fileEncoding = 4; lastKnownFileType = sourcecode.c.objc; path = SBJsonTokeniser.m; sourceTree = "<group>"; };
		FA37A24A15146BBD007F2605 /* SBJsonUTF8Stream.h */ = {isa = PBXFileReference; fileEncoding = 4; lastKnownFileType = sourcecode.c.h; path = SBJsonUTF8Stream.h; sourceTree = "<group>"; };
		FA37A24B15146BBD007F2605 /* SBJsonUTF8Stream.m */ = {isa = PBXFileReference; fileEncoding = 4; lastKnownFileType = sourcecode.c.objc; path = SBJsonUTF8Stream.m; sourceTree = "<group>"; };
		FA37A24C15146BBD007F2605 /* SBJsonWriter.h */ = {isa = PBXFileReference; fileEncoding = 4; lastKnownFileType = sourcecode.c.h; path = SBJsonWriter.h; sourceTree = "<group>"; };
		FA37A24D15146BBD007F2605 /* SBJsonWriter.m */ = {isa = PBXFileReference; fileEncoding = 4; lastKnownFileType = sourcecode.c.objc; path = SBJsonWriter.m; sourceTree = "<group>"; };
		FA3CFE28132F9D30003554E2 /* missing-album.png */ = {isa = PBXFileReference; lastKnownFileType = image.png; path = "missing-album.png"; sourceTree = "<group>"; };
		FA3CFF42132FC4CF003554E2 /* PlaybackController.h */ = {isa = PBXFileReference; fileEncoding = 4; lastKnownFileType = sourcecode.c.h; path = PlaybackController.h; sourceTree = "<group>"; };
		FA3CFF43132FC4CF003554E2 /* PlaybackController.m */ = {isa = PBXFileReference; fileEncoding = 4; lastKnownFileType = sourcecode.c.objc; path = PlaybackController.m; sourceTree = "<group>"; };
		FA454683156604D100EE98C7 /* blowfish.c */ = {isa = PBXFileReference; fileEncoding = 4; lastKnownFileType = sourcecode.c.c; path = blowfish.c; sourceTree = "<group>"; };
		FA454684156604D100EE98C7 /* blowfish.h */ = {isa = PBXFileReference; fileEncoding = 4; lastKnownFileType = sourcecode.c.h; path = blowfish.h; sourceTree = "<group>"; };
		FA560C4F1331701E00215F71 /* ImageLoader.h */ = {isa = PBXFileReference; fileEncoding = 4; lastKnownFileType = sourcecode.c.h; path = ImageLoader.h; sourceTree = "<group>"; };
		FA560C501331701E00215F71 /* ImageLoader.m */ = {isa = PBXFileReference; fileEncoding = 4; lastKnownFileType = sourcecode.c.objc; path = ImageLoader.m; sourceTree = "<group>"; };
		FA57076F156D700900AD5E66 /* action.png */ = {isa = PBXFileReference; lastKnownFileType = image.png; path = action.png; sourceTree = "<group>"; };
		FA6E801A1438E4B700D01FB5 /* Growl.framework */ = {isa = PBXFileReference; lastKnownFileType = wrapper.framework; path = Growl.framework; sourceTree = "<group>"; };
		FA6E801C1438E50C00D01FB5 /* Growler.h */ = {isa = PBXFileReference; fileEncoding = 4; lastKnownFileType = sourcecode.c.h; path = Growler.h; sourceTree = "<group>"; };
		FA6E801D1438E50C00D01FB5 /* Growler.m */ = {isa = PBXFileReference; fileEncoding = 4; lastKnownFileType = sourcecode.c.objc; path = Growler.m; sourceTree = "<group>"; };
		FA6FE345132FF5AA00D1FF1C /* API.h */ = {isa = PBXFileReference; fileEncoding = 4; lastKnownFileType = sourcecode.c.h; path = API.h; sourceTree = "<group>"; };
		FA6FE346132FF5AA00D1FF1C /* API.m */ = {isa = PBXFileReference; fileEncoding = 4; lastKnownFileType = sourcecode.c.objc; path = API.m; sourceTree = "<group>"; };
		FA7BF0311331832E00E26ADA /* zzs.png */ = {isa = PBXFileReference; lastKnownFileType = image.png; path = zzs.png; sourceTree = "<group>"; };
		FA7FD1E313325F6600DF66EB /* volume_up.png */ = {isa = PBXFileReference; lastKnownFileType = image.png; path = volume_up.png; sourceTree = "<group>"; };
		FA85E6CD1333B257005C96B8 /* volume_down.icns */ = {isa = PBXFileReference; lastKnownFileType = image.icns; path = volume_down.icns; sourceTree = "<group>"; };
		FA949678133AF3AD007B6F36 /* Credits.html */ = {isa = PBXFileReference; fileEncoding = 4; lastKnownFileType = text.html; path = Credits.html; sourceTree = "<group>"; };
		FA94E6E61368E5830063860C /* FMEngine.h */ = {isa = PBXFileReference; fileEncoding = 4; lastKnownFileType = sourcecode.c.h; path = FMEngine.h; sourceTree = "<group>"; };
		FA94E6E71368E5830063860C /* FMEngine.m */ = {isa = PBXFileReference; fileEncoding = 4; lastKnownFileType = sourcecode.c.objc; path = FMEngine.m; sourceTree = "<group>"; };
		FA94E6EA1368E5830063860C /* NSString+FMEngine.h */ = {isa = PBXFileReference; fileEncoding = 4; lastKnownFileType = sourcecode.c.h; path = "NSString+FMEngine.h"; sourceTree = "<group>"; };
		FA94E6EB1368E5830063860C /* NSString+FMEngine.m */ = {isa = PBXFileReference; fileEncoding = 4; lastKnownFileType = sourcecode.c.objc; path = "NSString+FMEngine.m"; sourceTree = "<group>"; };
		FA94E6F61368E62C0063860C /* Scrobbler.h */ = {isa = PBXFileReference; fileEncoding = 4; lastKnownFileType = sourcecode.c.h; path = Scrobbler.h; sourceTree = "<group>"; };
		FA94E6F71368E62C0063860C /* Scrobbler.m */ = {isa = PBXFileReference; fileEncoding = 4; lastKnownFileType = sourcecode.c.objc; path = Scrobbler.m; sourceTree = "<group>"; };
		FAA313F813C98D9F00314C73 /* build_sparkle.sh */ = {isa = PBXFileReference; fileEncoding = 4; lastKnownFileType = text.script.sh; path = build_sparkle.sh; sourceTree = "<group>"; };
		FAAB28CE1336FB0300FC04C4 /* pandora.icns */ = {isa = PBXFileReference; lastKnownFileType = image.icns; path = pandora.icns; sourceTree = "<group>"; };
		FACF017D149A713700D1FB73 /* libAudioStreamer.a */ = {isa = PBXFileReference; explicitFileType = archive.ar; includeInIndex = 0; path = libAudioStreamer.a; sourceTree = BUILT_PRODUCTS_DIR; };
		FACF0183149A713700D1FB73 /* AudioStreamer.h */ = {isa = PBXFileReference; lastKnownFileType = sourcecode.c.h; path = AudioStreamer.h; sourceTree = "<group>"; };
		FACF0184149A713700D1FB73 /* AudioStreamer.m */ = {isa = PBXFileReference; lastKnownFileType = sourcecode.c.objc; path = AudioStreamer.m; sourceTree = "<group>"; };
		FACFACD415673690008A2140 /* StationController.h */ = {isa = PBXFileReference; fileEncoding = 4; lastKnownFileType = sourcecode.c.h; path = StationController.h; sourceTree = "<group>"; };
		FACFACD515673690008A2140 /* StationController.m */ = {isa = PBXFileReference; fileEncoding = 4; lastKnownFileType = sourcecode.c.objc; path = StationController.m; sourceTree = "<group>"; };
		FAD42F8713678F7500E935CA /* Sparkle.framework */ = {isa = PBXFileReference; lastKnownFileType = wrapper.framework; path = Sparkle.framework; sourceTree = "<group>"; };
		FAD42FA3136790DE00E935CA /* dsa_pub.pem */ = {isa = PBXFileReference; fileEncoding = 4; lastKnownFileType = text; path = dsa_pub.pem; sourceTree = "<group>"; };
		FAD9EC13135DB41700560C5A /* AppleMediaKeyController.h */ = {isa = PBXFileReference; fileEncoding = 4; lastKnownFileType = sourcecode.c.h; path = AppleMediaKeyController.h; sourceTree = "<group>"; };
		FAD9EC14135DB41700560C5A /* AppleMediaKeyController.m */ = {isa = PBXFileReference; fileEncoding = 4; lastKnownFileType = sourcecode.c.objc; path = AppleMediaKeyController.m; sourceTree = "<group>"; };
		FAEFFAAF132CB173007DC6FB /* AuthController.h */ = {isa = PBXFileReference; fileEncoding = 4; lastKnownFileType = sourcecode.c.h; path = AuthController.h; sourceTree = "<group>"; };
		FAEFFAB0132CB173007DC6FB /* AuthController.m */ = {isa = PBXFileReference; fileEncoding = 4; lastKnownFileType = sourcecode.c.objc; path = AuthController.m; sourceTree = "<group>"; };
		FAEFFBD4132CC0E2007DC6FB /* error_icon.png */ = {isa = PBXFileReference; explicitFileType = image.png; path = error_icon.png; sourceTree = "<group>"; };
		FAEFFC4B132D6D2A007DC6FB /* pause.png */ = {isa = PBXFileReference; lastKnownFileType = image.png; path = pause.png; sourceTree = "<group>"; };
		FAEFFC4C132D6D2A007DC6FB /* play.png */ = {isa = PBXFileReference; lastKnownFileType = image.png; path = play.png; sourceTree = "<group>"; };
		FAEFFC51132D6EC5007DC6FB /* fast_forward.png */ = {isa = PBXFileReference; lastKnownFileType = image.png; path = fast_forward.png; sourceTree = "<group>"; };
		FAFF50CE132EFDCB00F02CE0 /* accept.png */ = {isa = PBXFileReference; lastKnownFileType = image.png; path = accept.png; sourceTree = "<group>"; };
		FAFF50D0132EFDD800F02CE0 /* delete.png */ = {isa = PBXFileReference; lastKnownFileType = image.png; path = delete.png; sourceTree = "<group>"; };
/* End PBXFileReference section */

/* Begin PBXFrameworksBuildPhase section */
		8D11072E0486CEB800E47090 /* Frameworks */ = {
			isa = PBXFrameworksBuildPhase;
			buildActionMask = 2147483647;
			files = (
				FA37A26A15146CD4007F2605 /* libSBJson.a in Frameworks */,
				FACF018B149A718300D1FB73 /* libAudioStreamer.a in Frameworks */,
				FA6E801B1438E4B700D01FB5 /* Growl.framework in Frameworks */,
				FA228ECB137045F40070141A /* Security.framework in Frameworks */,
				FA228EC9137045E90070141A /* AudioToolbox.framework in Frameworks */,
				8D11072F0486CEB800E47090 /* Cocoa.framework in Frameworks */,
				FAD42F8813678F7500E935CA /* Sparkle.framework in Frameworks */,
			);
			runOnlyForDeploymentPostprocessing = 0;
		};
		FA37A0B415146ACE007F2605 /* Frameworks */ = {
			isa = PBXFrameworksBuildPhase;
			buildActionMask = 2147483647;
			files = (
			);
			runOnlyForDeploymentPostprocessing = 0;
		};
		FACF017A149A713700D1FB73 /* Frameworks */ = {
			isa = PBXFrameworksBuildPhase;
			buildActionMask = 2147483647;
			files = (
			);
			runOnlyForDeploymentPostprocessing = 0;
		};
/* End PBXFrameworksBuildPhase section */

/* Begin PBXGroup section */
		080E96DDFE201D6D7F000001 /* Classes */ = {
			isa = PBXGroup;
			children = (
				97539FAB158442A500D1E65C /* URLConnection.h */,
				97539FAC158442A500D1E65C /* URLConnection.m */,
				FA0E5569147855DD00C36794 /* Models */,
				FA0E5568147855AB00C36794 /* Controllers */,
				FA0E55671478559200C36794 /* Integration */,
				FA0E55661478557900C36794 /* External */,
				FA2A3F90132BF9F50089AECC /* Pandora */,
				256AC3D80F4B6AC300CF3369 /* HermesAppDelegate.h */,
				256AC3D90F4B6AC300CF3369 /* HermesAppDelegate.m */,
			);
			path = Classes;
			sourceTree = "<group>";
		};
		1058C7A0FEA54F0111CA2CBB /* Linked Frameworks */ = {
			isa = PBXGroup;
			children = (
				FA6E801A1438E4B700D01FB5 /* Growl.framework */,
				FA228ECA137045F40070141A /* Security.framework */,
				FA228EC8137045E90070141A /* AudioToolbox.framework */,
				FAD42F8713678F7500E935CA /* Sparkle.framework */,
				1058C7A1FEA54F0111CA2CBB /* Cocoa.framework */,
			);
			name = "Linked Frameworks";
			sourceTree = "<group>";
		};
		1058C7A2FEA54F0111CA2CBB /* Other Frameworks */ = {
			isa = PBXGroup;
			children = (
				29B97324FDCFA39411CA2CEA /* AppKit.framework */,
				29B97325FDCFA39411CA2CEA /* Foundation.framework */,
				13E42FB307B3F0F600E4EEF1 /* CoreData.framework */,
			);
			name = "Other Frameworks";
			sourceTree = "<group>";
		};
		19C28FACFE9D520D11CA2CBB /* Products */ = {
			isa = PBXGroup;
			children = (
				8D1107320486CEB800E47090 /* Hermes.app */,
				FACF017D149A713700D1FB73 /* libAudioStreamer.a */,
				FA37A0B715146ACE007F2605 /* libSBJson.a */,
			);
			name = Products;
			sourceTree = "<group>";
		};
		29B97314FDCFA39411CA2CEA /* Pithos */ = {
			isa = PBXGroup;
			children = (
				29B97315FDCFA39411CA2CEA /* Other Sources */,
				080E96DDFE201D6D7F000001 /* Classes */,
				29B97317FDCFA39411CA2CEA /* Resources */,
				FACF0180149A713700D1FB73 /* AudioStreamer */,
				FA37A0BA15146ACE007F2605 /* SBJson */,
				29B97323FDCFA39411CA2CEA /* Frameworks */,
				19C28FACFE9D520D11CA2CBB /* Products */,
			);
			name = Pithos;
			sourceTree = "<group>";
		};
		29B97315FDCFA39411CA2CEA /* Other Sources */ = {
			isa = PBXGroup;
			children = (
				256AC3F00F4B6AF500CF3369 /* Hermes_Prefix.pch */,
				29B97316FDCFA39411CA2CEA /* main.m */,
			);
			name = "Other Sources";
			sourceTree = "<group>";
		};
		29B97317FDCFA39411CA2CEA /* Resources */ = {
			isa = PBXGroup;
			children = (
				FAA313F813C98D9F00314C73 /* build_sparkle.sh */,
				FA24435E136B3D6C00E126D3 /* CHANGELOG.md */,
				FA949678133AF3AD007B6F36 /* Credits.html */,
				FAD42FA3136790DE00E935CA /* dsa_pub.pem */,
				8D1107310486CEB800E47090 /* Hermes-Info.plist */,
				FAEFFBFF132D620B007DC6FB /* Icons */,
				089C165CFE840E0CC02AAC07 /* InfoPlist.strings */,
				1DDD58140DA1D0A300B32029 /* MainMenu.xib */,
				FAAB28CE1336FB0300FC04C4 /* pandora.icns */,
				FA24435F136B3D6C00E126D3 /* README.md */,
				FA0E555914784A3000C36794 /* Hermes.sdef */,
			);
			path = Resources;
			sourceTree = "<group>";
		};
		29B97323FDCFA39411CA2CEA /* Frameworks */ = {
			isa = PBXGroup;
			children = (
				1058C7A0FEA54F0111CA2CBB /* Linked Frameworks */,
				1058C7A2FEA54F0111CA2CBB /* Other Frameworks */,
			);
			path = Frameworks;
			sourceTree = "<group>";
		};
		FA0E55661478557900C36794 /* External */ = {
			isa = PBXGroup;
			children = (
				FA454683156604D100EE98C7 /* blowfish.c */,
				FA454684156604D100EE98C7 /* blowfish.h */,
				FAD9EC13135DB41700560C5A /* AppleMediaKeyController.h */,
				FAD9EC14135DB41700560C5A /* AppleMediaKeyController.m */,
				FA94E6E31368E5830063860C /* FMEngine */,
			);
			name = External;
			sourceTree = "<group>";
		};
		FA0E55671478559200C36794 /* Integration */ = {
			isa = PBXGroup;
			children = (
				FA0E555F14784AF500C36794 /* AppleScript.h */,
				FA0E556014784AF500C36794 /* AppleScript.m */,
				FA94E6F61368E62C0063860C /* Scrobbler.h */,
				FA94E6F71368E62C0063860C /* Scrobbler.m */,
				FA1063BC132C6A8A00D6DE42 /* Keychain.h */,
				FA1063BD132C6A8A00D6DE42 /* Keychain.m */,
				FA6E801C1438E50C00D01FB5 /* Growler.h */,
				FA6E801D1438E50C00D01FB5 /* Growler.m */,
			);
			name = Integration;
			sourceTree = "<group>";
		};
		FA0E5568147855AB00C36794 /* Controllers */ = {
			isa = PBXGroup;
			children = (
				FAEFFAAF132CB173007DC6FB /* AuthController.h */,
				FAEFFAB0132CB173007DC6FB /* AuthController.m */,
				FA229D6614429F68008AB9FE /* HistoryController.h */,
				FA229D6714429F68008AB9FE /* HistoryController.m */,
				FA3CFF42132FC4CF003554E2 /* PlaybackController.h */,
				FA3CFF43132FC4CF003554E2 /* PlaybackController.m */,
				FA2442B9136B18DC00E126D3 /* PreferencesController.h */,
				FA2442BA136B18DC00E126D3 /* PreferencesController.m */,
				FA2A3F75132BF97E0089AECC /* StationsController.h */,
				FA2A3F76132BF97E0089AECC /* StationsController.m */,
				FACFACD415673690008A2140 /* StationController.h */,
				FACFACD515673690008A2140 /* StationController.m */,
			);
			name = Controllers;
			sourceTree = "<group>";
		};
		FA0E5569147855DD00C36794 /* Models */ = {
			isa = PBXGroup;
			children = (
				FA04AE94144365D900819310 /* HistoryItem.h */,
				FA04AE95144365D900819310 /* HistoryItem.m */,
				FA560C4F1331701E00215F71 /* ImageLoader.h */,
				FA560C501331701E00215F71 /* ImageLoader.m */,
				FA2A3F77132BF97E0089AECC /* Pandora.h */,
				FA2A3F78132BF97E0089AECC /* Pandora.m */,
			);
			name = Models;
			sourceTree = "<group>";
		};
		FA2A3F90132BF9F50089AECC /* Pandora */ = {
			isa = PBXGroup;
			children = (
				FA2A3F91132BF9F50089AECC /* Crypt.h */,
				FA2A3F92132BF9F50089AECC /* Crypt.m */,
				FA2A3F94132BF9F50089AECC /* Song.h */,
				FA2A3F95132BF9F50089AECC /* Song.m */,
				FA2A3F96132BF9F50089AECC /* Station.h */,
				FA2A3F97132BF9F50089AECC /* Station.m */,
				FA6FE345132FF5AA00D1FF1C /* API.h */,
				FA6FE346132FF5AA00D1FF1C /* API.m */,
			);
			path = Pandora;
			sourceTree = "<group>";
		};
		FA37A0BA15146ACE007F2605 /* SBJson */ = {
			isa = PBXGroup;
			children = (
				FA37A23515146BBD007F2605 /* NSObject+SBJson.h */,
				FA37A23615146BBD007F2605 /* NSObject+SBJson.m */,
				FA37A23715146BBD007F2605 /* SBJson.h */,
				FA37A23815146BBD007F2605 /* SBJsonParser.h */,
				FA37A23915146BBD007F2605 /* SBJsonParser.m */,
				FA37A23A15146BBD007F2605 /* SBJsonStreamParser.h */,
				FA37A23B15146BBD007F2605 /* SBJsonStreamParser.m */,
				FA37A23C15146BBD007F2605 /* SBJsonStreamParserAccumulator.h */,
				FA37A23D15146BBD007F2605 /* SBJsonStreamParserAccumulator.m */,
				FA37A23E15146BBD007F2605 /* SBJsonStreamParserAdapter.h */,
				FA37A23F15146BBD007F2605 /* SBJsonStreamParserAdapter.m */,
				FA37A24015146BBD007F2605 /* SBJsonStreamParserState.h */,
				FA37A24115146BBD007F2605 /* SBJsonStreamParserState.m */,
				FA37A24215146BBD007F2605 /* SBJsonStreamWriter.h */,
				FA37A24315146BBD007F2605 /* SBJsonStreamWriter.m */,
				FA37A24415146BBD007F2605 /* SBJsonStreamWriterAccumulator.h */,
				FA37A24515146BBD007F2605 /* SBJsonStreamWriterAccumulator.m */,
				FA37A24615146BBD007F2605 /* SBJsonStreamWriterState.h */,
				FA37A24715146BBD007F2605 /* SBJsonStreamWriterState.m */,
				FA37A24815146BBD007F2605 /* SBJsonTokeniser.h */,
				FA37A24915146BBD007F2605 /* SBJsonTokeniser.m */,
				FA37A24A15146BBD007F2605 /* SBJsonUTF8Stream.h */,
				FA37A24B15146BBD007F2605 /* SBJsonUTF8Stream.m */,
				FA37A24C15146BBD007F2605 /* SBJsonWriter.h */,
				FA37A24D15146BBD007F2605 /* SBJsonWriter.m */,
			);
			path = SBJson;
			sourceTree = "<group>";
		};
		FA94E6E31368E5830063860C /* FMEngine */ = {
			isa = PBXGroup;
			children = (
				FA94E6E61368E5830063860C /* FMEngine.h */,
				FA94E6E71368E5830063860C /* FMEngine.m */,
				FA94E6EA1368E5830063860C /* NSString+FMEngine.h */,
				FA94E6EB1368E5830063860C /* NSString+FMEngine.m */,
			);
			path = FMEngine;
			sourceTree = "<group>";
		};
		FACF0180149A713700D1FB73 /* AudioStreamer */ = {
			isa = PBXGroup;
			children = (
				FACF0183149A713700D1FB73 /* AudioStreamer.h */,
				FACF0184149A713700D1FB73 /* AudioStreamer.m */,
			);
			path = AudioStreamer;
			sourceTree = "<group>";
		};
		FAEFFBFF132D620B007DC6FB /* Icons */ = {
			isa = PBXGroup;
			children = (
				FA57076F156D700900AD5E66 /* action.png */,
				FA04AE9A14438F1000819310 /* thumbdown.png */,
				FA04AE9B14438F1000819310 /* thumbup.png */,
				FA229D6414429E48008AB9FE /* history.png */,
				FA85E6CD1333B257005C96B8 /* volume_down.icns */,
				FA7FD1E313325F6600DF66EB /* volume_up.png */,
				FA7BF0311331832E00E26ADA /* zzs.png */,
				FA3CFE28132F9D30003554E2 /* missing-album.png */,
				FAFF50D0132EFDD800F02CE0 /* delete.png */,
				FAEFFC51132D6EC5007DC6FB /* fast_forward.png */,
				FAFF50CE132EFDCB00F02CE0 /* accept.png */,
				FAEFFC4B132D6D2A007DC6FB /* pause.png */,
				FAEFFC4C132D6D2A007DC6FB /* play.png */,
				FAEFFBD4132CC0E2007DC6FB /* error_icon.png */,
			);
			path = Icons;
			sourceTree = "<group>";
		};
/* End PBXGroup section */

/* Begin PBXHeadersBuildPhase section */
		FA37A0B515146ACE007F2605 /* Headers */ = {
			isa = PBXHeadersBuildPhase;
			buildActionMask = 2147483647;
			files = (
				972CA4F815830FC000C0BB9E /* NSObject+SBJson.h in Headers */,
				972CA4F915830FC000C0BB9E /* SBJson.h in Headers */,
				972CA4FA15830FC000C0BB9E /* SBJsonParser.h in Headers */,
				972CA4FB15830FC000C0BB9E /* SBJsonStreamParser.h in Headers */,
				972CA4FC15830FC000C0BB9E /* SBJsonStreamParserAccumulator.h in Headers */,
				972CA4FD15830FC000C0BB9E /* SBJsonStreamParserAdapter.h in Headers */,
				972CA4FE15830FC000C0BB9E /* SBJsonStreamParserState.h in Headers */,
				972CA4FF15830FC000C0BB9E /* SBJsonStreamWriter.h in Headers */,
				972CA50015830FC000C0BB9E /* SBJsonStreamWriterAccumulator.h in Headers */,
				972CA50115830FC000C0BB9E /* SBJsonStreamWriterState.h in Headers */,
				972CA50215830FC000C0BB9E /* SBJsonTokeniser.h in Headers */,
				972CA50315830FC000C0BB9E /* SBJsonUTF8Stream.h in Headers */,
				972CA50415830FC000C0BB9E /* SBJsonWriter.h in Headers */,
			);
			runOnlyForDeploymentPostprocessing = 0;
		};
		FACF017B149A713700D1FB73 /* Headers */ = {
			isa = PBXHeadersBuildPhase;
			buildActionMask = 2147483647;
			files = (
				972CA5051583101E00C0BB9E /* AudioStreamer.h in Headers */,
			);
			runOnlyForDeploymentPostprocessing = 0;
		};
/* End PBXHeadersBuildPhase section */

/* Begin PBXLegacyTarget section */
		FAA313F013C98A7300314C73 /* Build sparkle metadata */ = {
			isa = PBXLegacyTarget;
			buildArgumentsString = "$(ACTION)";
			buildConfigurationList = FAA313F113C98A7300314C73 /* Build configuration list for PBXLegacyTarget "Build sparkle metadata" */;
			buildPhases = (
			);
			buildToolPath = Resources/build_sparkle.sh;
			buildWorkingDirectory = "";
			dependencies = (
				FAA313F713C98C9A00314C73 /* PBXTargetDependency */,
			);
			name = "Build sparkle metadata";
			passBuildSettingsInEnvironment = 1;
			productName = "Build sparkle metadata";
		};
/* End PBXLegacyTarget section */

/* Begin PBXNativeTarget section */
		8D1107260486CEB800E47090 /* Hermes */ = {
			isa = PBXNativeTarget;
			buildConfigurationList = C01FCF4A08A954540054247B /* Build configuration list for PBXNativeTarget "Hermes" */;
			buildPhases = (
				8D1107290486CEB800E47090 /* Resources */,
				8D11072C0486CEB800E47090 /* Sources */,
				8D11072E0486CEB800E47090 /* Frameworks */,
				FAD42F9E13678F8800E935CA /* CopyFiles */,
			);
			buildRules = (
			);
			dependencies = (
				FA37A0C415146AFA007F2605 /* PBXTargetDependency */,
				FACF018A149A715C00D1FB73 /* PBXTargetDependency */,
			);
			name = Hermes;
			productInstallPath = "$(HOME)/Applications";
			productName = Pithos;
			productReference = 8D1107320486CEB800E47090 /* Hermes.app */;
			productType = "com.apple.product-type.application";
		};
		FA37A0B615146ACE007F2605 /* SBJson */ = {
			isa = PBXNativeTarget;
			buildConfigurationList = FA37A0C215146ACF007F2605 /* Build configuration list for PBXNativeTarget "SBJson" */;
			buildPhases = (
				FA37A0B315146ACE007F2605 /* Sources */,
				FA37A0B415146ACE007F2605 /* Frameworks */,
				FA37A0B515146ACE007F2605 /* Headers */,
			);
			buildRules = (
			);
			dependencies = (
			);
			name = SBJson;
			productName = SBJson;
			productReference = FA37A0B715146ACE007F2605 /* libSBJson.a */;
			productType = "com.apple.product-type.library.static";
		};
		FACF017C149A713700D1FB73 /* AudioStreamer */ = {
			isa = PBXNativeTarget;
			buildConfigurationList = FACF0188149A713700D1FB73 /* Build configuration list for PBXNativeTarget "AudioStreamer" */;
			buildPhases = (
				FACF0179149A713700D1FB73 /* Sources */,
				FACF017A149A713700D1FB73 /* Frameworks */,
				FACF017B149A713700D1FB73 /* Headers */,
			);
			buildRules = (
			);
			dependencies = (
			);
			name = AudioStreamer;
			productName = AudioStreamer;
			productReference = FACF017D149A713700D1FB73 /* libAudioStreamer.a */;
			productType = "com.apple.product-type.library.static";
		};
/* End PBXNativeTarget section */

/* Begin PBXProject section */
		29B97313FDCFA39411CA2CEA /* Project object */ = {
			isa = PBXProject;
			attributes = {
				BuildIndependentTargetsInParallel = YES;
				LastUpgradeCheck = 0430;
			};
			buildConfigurationList = C01FCF4E08A954540054247B /* Build configuration list for PBXProject "Hermes" */;
			compatibilityVersion = "Xcode 3.2";
			developmentRegion = English;
			hasScannedForEncodings = 1;
			knownRegions = (
				English,
				Japanese,
				French,
				German,
			);
			mainGroup = 29B97314FDCFA39411CA2CEA /* Pithos */;
			projectDirPath = "";
			projectRoot = "";
			targets = (
				8D1107260486CEB800E47090 /* Hermes */,
				FAA313F013C98A7300314C73 /* Build sparkle metadata */,
				FACF017C149A713700D1FB73 /* AudioStreamer */,
				FA37A0B615146ACE007F2605 /* SBJson */,
			);
		};
/* End PBXProject section */

/* Begin PBXResourcesBuildPhase section */
		8D1107290486CEB800E47090 /* Resources */ = {
			isa = PBXResourcesBuildPhase;
			buildActionMask = 2147483647;
			files = (
				8D11072B0486CEB800E47090 /* InfoPlist.strings in Resources */,
				1DDD58160DA1D0A300B32029 /* MainMenu.xib in Resources */,
				FAEFFBD5132CC0E2007DC6FB /* error_icon.png in Resources */,
				FAEFFC4D132D6D2A007DC6FB /* pause.png in Resources */,
				FAEFFC4E132D6D2A007DC6FB /* play.png in Resources */,
				FAEFFC52132D6EC5007DC6FB /* fast_forward.png in Resources */,
				FAFF50D1132EFDD800F02CE0 /* delete.png in Resources */,
				FA3CFE29132F9D30003554E2 /* missing-album.png in Resources */,
				FA7BF0321331832E00E26ADA /* zzs.png in Resources */,
				FA7FD1E413325F6600DF66EB /* volume_up.png in Resources */,
				FA85E6CE1333B257005C96B8 /* volume_down.icns in Resources */,
				FAAB28CF1336FB0300FC04C4 /* pandora.icns in Resources */,
				FA949679133AF3AD007B6F36 /* Credits.html in Resources */,
				FAD42FA4136790DE00E935CA /* dsa_pub.pem in Resources */,
				FA229D6514429E48008AB9FE /* history.png in Resources */,
				FA04AE9C14438F1000819310 /* thumbdown.png in Resources */,
				FA04AE9D14438F1000819310 /* thumbup.png in Resources */,
				FA0E555A14784A3000C36794 /* Hermes.sdef in Resources */,
				FA570770156D700900AD5E66 /* action.png in Resources */,
			);
			runOnlyForDeploymentPostprocessing = 0;
		};
/* End PBXResourcesBuildPhase section */

/* Begin PBXSourcesBuildPhase section */
		8D11072C0486CEB800E47090 /* Sources */ = {
			isa = PBXSourcesBuildPhase;
			buildActionMask = 2147483647;
			files = (
				8D11072D0486CEB800E47090 /* main.m in Sources */,
				FA2A3F7F132BF97E0089AECC /* StationsController.m in Sources */,
				FA2A3F80132BF97E0089AECC /* Pandora.m in Sources */,
				FA2A3F98132BF9F50089AECC /* Crypt.m in Sources */,
				FA2A3F99132BF9F50089AECC /* Song.m in Sources */,
				FA2A3F9A132BF9F50089AECC /* Station.m in Sources */,
				FA1063BE132C6A8A00D6DE42 /* Keychain.m in Sources */,
				FAEFFAB1132CB173007DC6FB /* AuthController.m in Sources */,
				FA3CFF44132FC4CF003554E2 /* PlaybackController.m in Sources */,
				FA6FE347132FF5AA00D1FF1C /* API.m in Sources */,
				FA560C511331701E00215F71 /* ImageLoader.m in Sources */,
				FA85E72E13347A64005C96B8 /* HermesAppDelegate.m in Sources */,
				FAD9EC15135DB41700560C5A /* AppleMediaKeyController.m in Sources */,
				FA94E6ED1368E5830063860C /* FMEngine.m in Sources */,
				FA94E6EF1368E5830063860C /* NSString+FMEngine.m in Sources */,
				FA94E6F81368E62C0063860C /* Scrobbler.m in Sources */,
				FA2442BB136B18DC00E126D3 /* PreferencesController.m in Sources */,
				FA6E801E1438E50C00D01FB5 /* Growler.m in Sources */,
				FA229D6814429F69008AB9FE /* HistoryController.m in Sources */,
				FA04AE96144365D900819310 /* HistoryItem.m in Sources */,
				FA0E556114784AF500C36794 /* AppleScript.m in Sources */,
				FA454685156604D100EE98C7 /* blowfish.c in Sources */,
				FACFACD615673690008A2140 /* StationController.m in Sources */,
				97539FAD158442A500D1E65C /* URLConnection.m in Sources */,
			);
			runOnlyForDeploymentPostprocessing = 0;
		};
		FA37A0B315146ACE007F2605 /* Sources */ = {
			isa = PBXSourcesBuildPhase;
			buildActionMask = 2147483647;
			files = (
				FA37A24F15146BBD007F2605 /* NSObject+SBJson.m in Sources */,
				FA37A25215146BBD007F2605 /* SBJsonParser.m in Sources */,
				FA37A25415146BBD007F2605 /* SBJsonStreamParser.m in Sources */,
				FA37A25615146BBD007F2605 /* SBJsonStreamParserAccumulator.m in Sources */,
				FA37A25815146BBD007F2605 /* SBJsonStreamParserAdapter.m in Sources */,
				FA37A25A15146BBD007F2605 /* SBJsonStreamParserState.m in Sources */,
				FA37A25C15146BBD007F2605 /* SBJsonStreamWriter.m in Sources */,
				FA37A25E15146BBD007F2605 /* SBJsonStreamWriterAccumulator.m in Sources */,
				FA37A26015146BBD007F2605 /* SBJsonStreamWriterState.m in Sources */,
				FA37A26215146BBD007F2605 /* SBJsonTokeniser.m in Sources */,
				FA37A26415146BBD007F2605 /* SBJsonUTF8Stream.m in Sources */,
				FA37A26615146BBD007F2605 /* SBJsonWriter.m in Sources */,
			);
			runOnlyForDeploymentPostprocessing = 0;
		};
		FACF0179149A713700D1FB73 /* Sources */ = {
			isa = PBXSourcesBuildPhase;
			buildActionMask = 2147483647;
			files = (
				FACF0185149A713700D1FB73 /* AudioStreamer.m in Sources */,
			);
			runOnlyForDeploymentPostprocessing = 0;
		};
/* End PBXSourcesBuildPhase section */

/* Begin PBXTargetDependency section */
		FA37A0C415146AFA007F2605 /* PBXTargetDependency */ = {
			isa = PBXTargetDependency;
			target = FA37A0B615146ACE007F2605 /* SBJson */;
			targetProxy = FA37A0C315146AFA007F2605 /* PBXContainerItemProxy */;
		};
		FAA313F713C98C9A00314C73 /* PBXTargetDependency */ = {
			isa = PBXTargetDependency;
			target = 8D1107260486CEB800E47090 /* Hermes */;
			targetProxy = FAA313F613C98C9A00314C73 /* PBXContainerItemProxy */;
		};
		FACF018A149A715C00D1FB73 /* PBXTargetDependency */ = {
			isa = PBXTargetDependency;
			target = FACF017C149A713700D1FB73 /* AudioStreamer */;
			targetProxy = FACF0189149A715C00D1FB73 /* PBXContainerItemProxy */;
		};
/* End PBXTargetDependency section */

/* Begin PBXVariantGroup section */
		089C165CFE840E0CC02AAC07 /* InfoPlist.strings */ = {
			isa = PBXVariantGroup;
			children = (
				089C165DFE840E0CC02AAC07 /* English */,
			);
			name = InfoPlist.strings;
			sourceTree = "<group>";
		};
		1DDD58140DA1D0A300B32029 /* MainMenu.xib */ = {
			isa = PBXVariantGroup;
			children = (
				1DDD58150DA1D0A300B32029 /* English */,
			);
			name = MainMenu.xib;
			sourceTree = "<group>";
		};
/* End PBXVariantGroup section */

/* Begin XCBuildConfiguration section */
		C01FCF4B08A954540054247B /* Debug */ = {
			isa = XCBuildConfiguration;
			buildSettings = {
				ALWAYS_SEARCH_USER_PATHS = NO;
				FRAMEWORK_SEARCH_PATHS = (
					"$(inherited)",
					"\"$(SRCROOT)\"",
					"\"$(SRCROOT)/Frameworks\"",
				);
				GCC_PREFIX_HEADER = Hermes_Prefix.pch;
				HEADER_SEARCH_PATHS = (
					"\"$(SRCROOT)\"",
					"\"$(SRCROOT)/Classes\"",
				);
				INFOPLIST_FILE = "Resources/Hermes-Info.plist";
				PRODUCT_NAME = Hermes;
				RUN_CLANG_STATIC_ANALYZER = YES;
				SDKROOT = macosx;
				USE_HEADERMAP = NO;
				WARNING_CFLAGS = (
					"-Wall",
					"-Wextra",
					"-Wno-unused-parameter",
					"-Werror",
				);
			};
			name = Debug;
		};
		C01FCF4C08A954540054247B /* Release */ = {
			isa = XCBuildConfiguration;
			buildSettings = {
				ALWAYS_SEARCH_USER_PATHS = NO;
				DEBUG_INFORMATION_FORMAT = "dwarf-with-dsym";
				FRAMEWORK_SEARCH_PATHS = (
					"$(inherited)",
					"\"$(SRCROOT)\"",
					"\"$(SRCROOT)/Frameworks\"",
				);
				GCC_PREFIX_HEADER = Hermes_Prefix.pch;
				HEADER_SEARCH_PATHS = (
					"\"$(SRCROOT)\"",
					"\"$(SRCROOT)/Classes\"",
				);
				INFOPLIST_FILE = "Resources/Hermes-Info.plist";
				PRODUCT_NAME = Hermes;
				RUN_CLANG_STATIC_ANALYZER = YES;
				SDKROOT = macosx;
				USE_HEADERMAP = NO;
				WARNING_CFLAGS = (
					"-Wall",
					"-Wextra",
					"-Wno-unused-parameter",
					"-Werror",
				);
			};
			name = Release;
		};
		C01FCF4F08A954540054247B /* Debug */ = {
			isa = XCBuildConfiguration;
			buildSettings = {
				ARCHS = "$(ARCHS_STANDARD_32_64_BIT)";
				CLANG_ENABLE_OBJC_ARC = YES;
				COPY_PHASE_STRIP = NO;
				GCC_C_LANGUAGE_STANDARD = gnu99;
				GCC_ENABLE_CPP_EXCEPTIONS = NO;
				GCC_ENABLE_OBJC_EXCEPTIONS = NO;
				GCC_ENABLE_TRIGRAPHS = NO;
				GCC_OPTIMIZATION_LEVEL = 0;
				GCC_PRECOMPILE_PREFIX_HEADER = YES;
				GCC_TREAT_WARNINGS_AS_ERRORS = YES;
				GCC_WARN_ABOUT_MISSING_NEWLINE = NO;
				GCC_WARN_ABOUT_RETURN_TYPE = YES;
				GCC_WARN_PEDANTIC = NO;
				GCC_WARN_SHADOW = NO;
				GCC_WARN_UNDECLARED_SELECTOR = NO;
				GCC_WARN_UNUSED_VALUE = YES;
				GCC_WARN_UNUSED_VARIABLE = YES;
				HEADER_SEARCH_PATHS = "";
				LLVM_LTO = NO;
				MACOSX_DEPLOYMENT_TARGET = 10.6;
				ONLY_ACTIVE_ARCH = YES;
				OTHER_CFLAGS = "-DDEBUG";
				OTHER_LDFLAGS = "";
				SDKROOT = macosx;
				STRIP_INSTALLED_PRODUCT = NO;
				WARNING_CFLAGS = "-Wall";
			};
			name = Debug;
		};
		C01FCF5008A954540054247B /* Release */ = {
			isa = XCBuildConfiguration;
			buildSettings = {
				ARCHS = "$(ARCHS_STANDARD_32_64_BIT)";
				CLANG_ENABLE_OBJC_ARC = YES;
				COPY_PHASE_STRIP = NO;
				GCC_C_LANGUAGE_STANDARD = gnu99;
				GCC_ENABLE_CPP_EXCEPTIONS = NO;
				GCC_ENABLE_OBJC_EXCEPTIONS = NO;
				GCC_ENABLE_TRIGRAPHS = NO;
				GCC_OPTIMIZATION_LEVEL = s;
				GCC_PRECOMPILE_PREFIX_HEADER = YES;
				GCC_TREAT_WARNINGS_AS_ERRORS = YES;
				GCC_WARN_ABOUT_MISSING_NEWLINE = NO;
				GCC_WARN_ABOUT_RETURN_TYPE = YES;
				GCC_WARN_PEDANTIC = NO;
				GCC_WARN_SHADOW = NO;
				GCC_WARN_UNDECLARED_SELECTOR = NO;
				GCC_WARN_UNUSED_VALUE = YES;
				GCC_WARN_UNUSED_VARIABLE = YES;
				HEADER_SEARCH_PATHS = "";
				LLVM_LTO = NO;
				MACOSX_DEPLOYMENT_TARGET = 10.6;
				ONLY_ACTIVE_ARCH = YES;
				OTHER_LDFLAGS = "";
				SDKROOT = macosx;
				STRIP_INSTALLED_PRODUCT = NO;
				WARNING_CFLAGS = "-Wall";
			};
			name = Release;
		};
		FA37A0C015146ACE007F2605 /* Debug */ = {
			isa = XCBuildConfiguration;
			buildSettings = {
				ALWAYS_SEARCH_USER_PATHS = NO;
				ARCHS = "$(ARCHS_STANDARD_32_64_BIT)";
				COPY_PHASE_STRIP = NO;
				FRAMEWORK_SEARCH_PATHS = (
					"$(inherited)",
					"\"$(SRCROOT)/Frameworks\"",
				);
				GCC_DYNAMIC_NO_PIC = NO;
				GCC_ENABLE_OBJC_EXCEPTIONS = YES;
				GCC_PRECOMPILE_PREFIX_HEADER = YES;
				GCC_SYMBOLS_PRIVATE_EXTERN = NO;
				GCC_VERSION = "";
				GCC_WARN_64_TO_32_BIT_CONVERSION = YES;
				GCC_WARN_UNINITIALIZED_AUTOS = YES;
				LIBRARY_SEARCH_PATHS = (
					"$(inherited)",
					"\"$(SRCROOT)/build/Release\"",
				);
				PRODUCT_NAME = "$(TARGET_NAME)";
				SKIP_INSTALL = YES;
			};
			name = Debug;
		};
		FA37A0C115146ACE007F2605 /* Release */ = {
			isa = XCBuildConfiguration;
			buildSettings = {
				ALWAYS_SEARCH_USER_PATHS = NO;
				ARCHS = "$(ARCHS_STANDARD_32_64_BIT)";
				COPY_PHASE_STRIP = YES;
				DEBUG_INFORMATION_FORMAT = "dwarf-with-dsym";
				FRAMEWORK_SEARCH_PATHS = (
					"$(inherited)",
					"\"$(SRCROOT)/Frameworks\"",
				);
				GCC_ENABLE_OBJC_EXCEPTIONS = YES;
				GCC_PRECOMPILE_PREFIX_HEADER = YES;
				GCC_VERSION = "";
				GCC_WARN_64_TO_32_BIT_CONVERSION = YES;
				GCC_WARN_UNINITIALIZED_AUTOS = YES;
				LIBRARY_SEARCH_PATHS = (
					"$(inherited)",
					"\"$(SRCROOT)/build/Release\"",
				);
				PRODUCT_NAME = "$(TARGET_NAME)";
				SKIP_INSTALL = YES;
			};
			name = Release;
		};
		FAA313F213C98A7300314C73 /* Debug */ = {
			isa = XCBuildConfiguration;
			buildSettings = {
				ALWAYS_SEARCH_USER_PATHS = NO;
				COPY_PHASE_STRIP = NO;
				DEBUGGING_SYMBOLS = YES;
				GCC_DYNAMIC_NO_PIC = NO;
				GCC_ENABLE_OBJC_EXCEPTIONS = YES;
				GCC_GENERATE_DEBUGGING_SYMBOLS = YES;
				GCC_OPTIMIZATION_LEVEL = 0;
				GCC_PREPROCESSOR_DEFINITIONS = DEBUG;
				GCC_SYMBOLS_PRIVATE_EXTERN = NO;
				GCC_VERSION = com.apple.compilers.llvm.clang.1_0;
				GCC_WARN_64_TO_32_BIT_CONVERSION = YES;
				MACOSX_DEPLOYMENT_TARGET = 10.6;
				OTHER_CFLAGS = "";
				OTHER_LDFLAGS = "";
				PRODUCT_NAME = "$(TARGET_NAME)";
				SDKROOT = macosx;
			};
			name = Debug;
		};
		FAA313F313C98A7300314C73 /* Release */ = {
			isa = XCBuildConfiguration;
			buildSettings = {
				ALWAYS_SEARCH_USER_PATHS = NO;
				COPY_PHASE_STRIP = YES;
				DEBUG_INFORMATION_FORMAT = "dwarf-with-dsym";
				GCC_ENABLE_OBJC_EXCEPTIONS = YES;
				GCC_VERSION = com.apple.compilers.llvm.clang.1_0;
				GCC_WARN_64_TO_32_BIT_CONVERSION = YES;
				MACOSX_DEPLOYMENT_TARGET = 10.6;
				OTHER_CFLAGS = "";
				OTHER_LDFLAGS = "";
				PRODUCT_NAME = "$(TARGET_NAME)";
				SDKROOT = macosx;
			};
			name = Release;
		};
		FACF0186149A713700D1FB73 /* Debug */ = {
			isa = XCBuildConfiguration;
			buildSettings = {
				ALWAYS_SEARCH_USER_PATHS = NO;
				CLANG_ENABLE_OBJC_ARC = NO;
				COPY_PHASE_STRIP = NO;
				GCC_ENABLE_OBJC_EXCEPTIONS = NO;
				GCC_PREPROCESSOR_DEFINITIONS = (
					"DEBUG=1",
					"$(inherited)",
				);
				GCC_VERSION = com.apple.compilers.llvm.clang.1_0;
				HEADER_SEARCH_PATHS = "";
				MACOSX_DEPLOYMENT_TARGET = 10.6;
				PRODUCT_NAME = "$(TARGET_NAME)";
				SKIP_INSTALL = YES;
			};
			name = Debug;
		};
		FACF0187149A713700D1FB73 /* Release */ = {
			isa = XCBuildConfiguration;
			buildSettings = {
				ALWAYS_SEARCH_USER_PATHS = NO;
				CLANG_ENABLE_OBJC_ARC = NO;
				COPY_PHASE_STRIP = YES;
				GCC_ENABLE_OBJC_EXCEPTIONS = NO;
				GCC_VERSION = com.apple.compilers.llvm.clang.1_0;
				HEADER_SEARCH_PATHS = "";
				MACOSX_DEPLOYMENT_TARGET = 10.6;
				PRODUCT_NAME = "$(TARGET_NAME)";
				SKIP_INSTALL = YES;
			};
			name = Release;
		};
/* End XCBuildConfiguration section */

/* Begin XCConfigurationList section */
		C01FCF4A08A954540054247B /* Build configuration list for PBXNativeTarget "Hermes" */ = {
			isa = XCConfigurationList;
			buildConfigurations = (
				C01FCF4B08A954540054247B /* Debug */,
				C01FCF4C08A954540054247B /* Release */,
			);
			defaultConfigurationIsVisible = 0;
			defaultConfigurationName = Release;
		};
		C01FCF4E08A954540054247B /* Build configuration list for PBXProject "Hermes" */ = {
			isa = XCConfigurationList;
			buildConfigurations = (
				C01FCF4F08A954540054247B /* Debug */,
				C01FCF5008A954540054247B /* Release */,
			);
			defaultConfigurationIsVisible = 0;
			defaultConfigurationName = Release;
		};
		FA37A0C215146ACF007F2605 /* Build configuration list for PBXNativeTarget "SBJson" */ = {
			isa = XCConfigurationList;
			buildConfigurations = (
				FA37A0C015146ACE007F2605 /* Debug */,
				FA37A0C115146ACE007F2605 /* Release */,
			);
			defaultConfigurationIsVisible = 0;
			defaultConfigurationName = Release;
		};
		FAA313F113C98A7300314C73 /* Build configuration list for PBXLegacyTarget "Build sparkle metadata" */ = {
			isa = XCConfigurationList;
			buildConfigurations = (
				FAA313F213C98A7300314C73 /* Debug */,
				FAA313F313C98A7300314C73 /* Release */,
			);
			defaultConfigurationIsVisible = 0;
			defaultConfigurationName = Release;
		};
		FACF0188149A713700D1FB73 /* Build configuration list for PBXNativeTarget "AudioStreamer" */ = {
			isa = XCConfigurationList;
			buildConfigurations = (
				FACF0186149A713700D1FB73 /* Debug */,
				FACF0187149A713700D1FB73 /* Release */,
			);
			defaultConfigurationIsVisible = 0;
			defaultConfigurationName = Release;
		};
/* End XCConfigurationList section */
	};
	rootObject = 29B97313FDCFA39411CA2CEA /* Project object */;
}
