// !$*UTF8*$!
{
	archiveVersion = 1;
	classes = {
	};
	objectVersion = 47;
	objects = {

/* Begin PBXBuildFile section */
		1DDD58160DA1D0A300B32029 /* MainMenu.xib in Resources */ = {isa = PBXBuildFile; fileRef = 1DDD58140DA1D0A300B32029 /* MainMenu.xib */; };
		441C9F0D1CC80635000A0302 /* AudioToolbox.framework in Frameworks */ = {isa = PBXBuildFile; fileRef = 9728D8A5158C3E7C00C078A4 /* AudioToolbox.framework */; };
		441C9F0E1CC80AA0000A0302 /* ASPlaylist.m in Sources */ = {isa = PBXBuildFile; fileRef = FA99E25A15E4B7EA005AB6E6 /* ASPlaylist.m */; };
		441C9F101CC815A1000A0302 /* NSObject+SPInvocationGrabbing.m in Sources */ = {isa = PBXBuildFile; fileRef = 843B578A19660680000898F2 /* NSObject+SPInvocationGrabbing.m */; settings = {COMPILER_FLAGS = "-fno-objc-arc"; }; };
		441C9F121CC815A1000A0302 /* SPMediaKeyTap.m in Sources */ = {isa = PBXBuildFile; fileRef = 9728D899158C3DA500C078A4 /* SPMediaKeyTap.m */; settings = {COMPILER_FLAGS = "-fno-objc-arc"; }; };
		441C9F131CC81A82000A0302 /* Carbon.framework in Frameworks */ = {isa = PBXBuildFile; fileRef = 9728D89C158C3E3C00C078A4 /* Carbon.framework */; };
		441C9F161CC86A74000A0302 /* AudioStreamer.m in Sources */ = {isa = PBXBuildFile; fileRef = FACF0184149A713700D1FB73 /* AudioStreamer.m */; };
		44310F8B18EB87AB0095359D /* Credits.rtf in Resources */ = {isa = PBXBuildFile; fileRef = 44310F8A18EB87AB0095359D /* Credits.rtf */; };
		44411DA7190166FB00EC4E05 /* PandoraDevice.m in Sources */ = {isa = PBXBuildFile; fileRef = 44411DA6190166FB00EC4E05 /* PandoraDevice.m */; };
		44619493187407A300482DC4 /* HistoryCollectionView.m in Sources */ = {isa = PBXBuildFile; fileRef = 44619492187407A300482DC4 /* HistoryCollectionView.m */; };
		44DFC8E018FDFCBC007422DC /* Notifications.m in Sources */ = {isa = PBXBuildFile; fileRef = 44DFC8DF18FDFCBC007422DC /* Notifications.m */; };
		8D11072B0486CEB800E47090 /* InfoPlist.strings in Resources */ = {isa = PBXBuildFile; fileRef = 089C165CFE840E0CC02AAC07 /* InfoPlist.strings */; };
		8D11072D0486CEB800E47090 /* main.m in Sources */ = {isa = PBXBuildFile; fileRef = 29B97316FDCFA39411CA2CEA /* main.m */; settings = {ATTRIBUTES = (); }; };
		8D11072F0486CEB800E47090 /* Cocoa.framework in Frameworks */ = {isa = PBXBuildFile; fileRef = 1058C7A1FEA54F0111CA2CBB /* Cocoa.framework */; };
		97177194159EAA7D00EE3355 /* cd.png in Resources */ = {isa = PBXBuildFile; fileRef = 97177193159EAA7D00EE3355 /* cd.png */; };
		97177198159EAF6F00EE3355 /* HistoryView.m in Sources */ = {isa = PBXBuildFile; fileRef = 97177197159EAF6F00EE3355 /* HistoryView.m */; };
		9717719A159EB0E200EE3355 /* music-note.png in Resources */ = {isa = PBXBuildFile; fileRef = 97177199159EB0E200EE3355 /* music-note.png */; };
		9717719D159EBBBF00EE3355 /* FileReader.m in Sources */ = {isa = PBXBuildFile; fileRef = 9717719C159EBBBF00EE3355 /* FileReader.m */; };
		971CC39A1585DA11004D75BA /* NetworkConnection.m in Sources */ = {isa = PBXBuildFile; fileRef = 971CC3991585DA11004D75BA /* NetworkConnection.m */; };
		971CC3A11585DBD7004D75BA /* SystemConfiguration.framework in Frameworks */ = {isa = PBXBuildFile; fileRef = 971CC3A01585DBD7004D75BA /* SystemConfiguration.framework */; };
		97539FAD158442A500D1E65C /* URLConnection.m in Sources */ = {isa = PBXBuildFile; fileRef = 97539FAC158442A500D1E65C /* URLConnection.m */; };
		97E0DA35159EDF7C00BEA465 /* radio.png in Resources */ = {isa = PBXBuildFile; fileRef = 97E0DA34159EDF7C00BEA465 /* radio.png */; };
		B2A26AEF1AE39E9B00ADD460 /* MusicProgressSliderCell.m in Sources */ = {isa = PBXBuildFile; fileRef = B2A26AEE1AE39E9B00ADD460 /* MusicProgressSliderCell.m */; };
		E1200AA11CF2A4CC000D3215 /* LabelHoverShowField.m in Sources */ = {isa = PBXBuildFile; fileRef = E1200AA01CF2A4CC000D3215 /* LabelHoverShowField.m */; };
		E1200AA41CF2B015000D3215 /* LabelHoverShowFieldCell.m in Sources */ = {isa = PBXBuildFile; fileRef = E1200AA31CF2B015000D3215 /* LabelHoverShowFieldCell.m */; };
		E124109A18EBAF6F007AF091 /* HermesApp.m in Sources */ = {isa = PBXBuildFile; fileRef = E124109918EBAF6F007AF091 /* HermesApp.m */; };
		E195ABA917D4636B00FE518C /* Quartz.framework in Frameworks */ = {isa = PBXBuildFile; fileRef = E195ABA817D4636B00FE518C /* Quartz.framework */; };
		E1C1EC121A1AE7E4001E4D8F /* Pandora-Menu-Dark-Play.pdf in Resources */ = {isa = PBXBuildFile; fileRef = E1C1EC101A1AE7E4001E4D8F /* Pandora-Menu-Dark-Play.pdf */; };
		E1C1EC131A1AE7E4001E4D8F /* Pandora-Menu-Dark-Pause.pdf in Resources */ = {isa = PBXBuildFile; fileRef = E1C1EC111A1AE7E4001E4D8F /* Pandora-Menu-Dark-Pause.pdf */; };
		E1D0A73A17E5630200429DE0 /* StationsTableView.m in Sources */ = {isa = PBXBuildFile; fileRef = E1D0A73917E5630100429DE0 /* StationsTableView.m */; };
		FA04AE96144365D900819310 /* HistoryItem.m in Sources */ = {isa = PBXBuildFile; fileRef = FA04AE95144365D900819310 /* HistoryItem.m */; };
		FA04AE9C14438F1000819310 /* thumbdown.png in Resources */ = {isa = PBXBuildFile; fileRef = FA04AE9A14438F1000819310 /* thumbdown.png */; };
		FA04AE9D14438F1000819310 /* thumbup.png in Resources */ = {isa = PBXBuildFile; fileRef = FA04AE9B14438F1000819310 /* thumbup.png */; };
		FA0E555A14784A3000C36794 /* Hermes.sdef in Resources */ = {isa = PBXBuildFile; fileRef = FA0E555914784A3000C36794 /* Hermes.sdef */; };
		FA0E556114784AF500C36794 /* AppleScript.m in Sources */ = {isa = PBXBuildFile; fileRef = FA0E556014784AF500C36794 /* AppleScript.m */; };
		FA1063BE132C6A8A00D6DE42 /* Keychain.m in Sources */ = {isa = PBXBuildFile; fileRef = FA1063BD132C6A8A00D6DE42 /* Keychain.m */; };
		FA228ECB137045F40070141A /* Security.framework in Frameworks */ = {isa = PBXBuildFile; fileRef = FA228ECA137045F40070141A /* Security.framework */; };
		FA229D6514429E48008AB9FE /* history.png in Resources */ = {isa = PBXBuildFile; fileRef = FA229D6414429E48008AB9FE /* history.png */; };
		FA229D6814429F69008AB9FE /* HistoryController.m in Sources */ = {isa = PBXBuildFile; fileRef = FA229D6714429F68008AB9FE /* HistoryController.m */; };
		FA2442BB136B18DC00E126D3 /* PreferencesController.m in Sources */ = {isa = PBXBuildFile; fileRef = FA2442BA136B18DC00E126D3 /* PreferencesController.m */; };
		FA2A3F7F132BF97E0089AECC /* StationsController.m in Sources */ = {isa = PBXBuildFile; fileRef = FA2A3F76132BF97E0089AECC /* StationsController.m */; };
		FA2A3F80132BF97E0089AECC /* Pandora.m in Sources */ = {isa = PBXBuildFile; fileRef = FA2A3F78132BF97E0089AECC /* Pandora.m */; };
		FA2A3F98132BF9F50089AECC /* Crypt.m in Sources */ = {isa = PBXBuildFile; fileRef = FA2A3F92132BF9F50089AECC /* Crypt.m */; };
		FA2A3F99132BF9F50089AECC /* Song.m in Sources */ = {isa = PBXBuildFile; fileRef = FA2A3F95132BF9F50089AECC /* Song.m */; };
		FA2A3F9A132BF9F50089AECC /* Station.m in Sources */ = {isa = PBXBuildFile; fileRef = FA2A3F97132BF9F50089AECC /* Station.m */; };
		FA3CFE29132F9D30003554E2 /* missing-album.png in Resources */ = {isa = PBXBuildFile; fileRef = FA3CFE28132F9D30003554E2 /* missing-album.png */; };
		FA3CFF44132FC4CF003554E2 /* PlaybackController.m in Sources */ = {isa = PBXBuildFile; fileRef = FA3CFF43132FC4CF003554E2 /* PlaybackController.m */; };
		FA454685156604D100EE98C7 /* blowfish.c in Sources */ = {isa = PBXBuildFile; fileRef = FA454683156604D100EE98C7 /* blowfish.c */; };
		FA560C511331701E00215F71 /* ImageLoader.m in Sources */ = {isa = PBXBuildFile; fileRef = FA560C501331701E00215F71 /* ImageLoader.m */; };
		FA6E801B1438E4B700D01FB5 /* Growl.framework in Frameworks */ = {isa = PBXBuildFile; fileRef = FA6E801A1438E4B700D01FB5 /* Growl.framework */; settings = {ATTRIBUTES = (Required, ); }; };
		FA6E801E1438E50C00D01FB5 /* Growler.m in Sources */ = {isa = PBXBuildFile; fileRef = FA6E801D1438E50C00D01FB5 /* Growler.m */; };
		FA6E801F1438E96F00D01FB5 /* Growl.framework in Copy Files */ = {isa = PBXBuildFile; fileRef = FA6E801A1438E4B700D01FB5 /* Growl.framework */; settings = {ATTRIBUTES = (CodeSignOnCopy, RemoveHeadersOnCopy, ); }; };
		FA7BF0321331832E00E26ADA /* zzs.png in Resources */ = {isa = PBXBuildFile; fileRef = FA7BF0311331832E00E26ADA /* zzs.png */; };
		FA7FD1E413325F6600DF66EB /* volume_up.png in Resources */ = {isa = PBXBuildFile; fileRef = FA7FD1E313325F6600DF66EB /* volume_up.png */; };
		FA85E6CE1333B257005C96B8 /* volume_down.icns in Resources */ = {isa = PBXBuildFile; fileRef = FA85E6CD1333B257005C96B8 /* volume_down.icns */; };
		FA85E72E13347A64005C96B8 /* HermesAppDelegate.m in Sources */ = {isa = PBXBuildFile; fileRef = 256AC3D90F4B6AC300CF3369 /* HermesAppDelegate.m */; };
		FA94E6ED1368E5830063860C /* FMEngine.m in Sources */ = {isa = PBXBuildFile; fileRef = FA94E6E71368E5830063860C /* FMEngine.m */; };
		FA94E6EF1368E5830063860C /* NSString+FMEngine.m in Sources */ = {isa = PBXBuildFile; fileRef = FA94E6EB1368E5830063860C /* NSString+FMEngine.m */; };
		FA94E6F81368E62C0063860C /* Scrobbler.m in Sources */ = {isa = PBXBuildFile; fileRef = FA94E6F71368E62C0063860C /* Scrobbler.m */; };
		FAAB28CF1336FB0300FC04C4 /* pandora.icns in Resources */ = {isa = PBXBuildFile; fileRef = FAAB28CE1336FB0300FC04C4 /* pandora.icns */; };
		FACFACD615673690008A2140 /* StationController.m in Sources */ = {isa = PBXBuildFile; fileRef = FACFACD515673690008A2140 /* StationController.m */; };
		FAD42F8813678F7500E935CA /* Sparkle.framework in Frameworks */ = {isa = PBXBuildFile; fileRef = FAD42F8713678F7500E935CA /* Sparkle.framework */; };
		FAD42FA013678FB000E935CA /* Sparkle.framework in Copy Files */ = {isa = PBXBuildFile; fileRef = FAD42F8713678F7500E935CA /* Sparkle.framework */; settings = {ATTRIBUTES = (CodeSignOnCopy, RemoveHeadersOnCopy, ); }; };
		FAD42FA4136790DE00E935CA /* dsa_pub.pem in Resources */ = {isa = PBXBuildFile; fileRef = FAD42FA3136790DE00E935CA /* dsa_pub.pem */; };
		FAEFFAB1132CB173007DC6FB /* AuthController.m in Sources */ = {isa = PBXBuildFile; fileRef = FAEFFAB0132CB173007DC6FB /* AuthController.m */; };
		FAEFFBD5132CC0E2007DC6FB /* error_icon.png in Resources */ = {isa = PBXBuildFile; fileRef = FAEFFBD4132CC0E2007DC6FB /* error_icon.png */; };
		FAEFFC4D132D6D2A007DC6FB /* pause.png in Resources */ = {isa = PBXBuildFile; fileRef = FAEFFC4B132D6D2A007DC6FB /* pause.png */; };
		FAEFFC4E132D6D2A007DC6FB /* play.png in Resources */ = {isa = PBXBuildFile; fileRef = FAEFFC4C132D6D2A007DC6FB /* play.png */; };
		FAEFFC52132D6EC5007DC6FB /* fast_forward.png in Resources */ = {isa = PBXBuildFile; fileRef = FAEFFC51132D6EC5007DC6FB /* fast_forward.png */; };
		FAFF50D1132EFDD800F02CE0 /* delete.png in Resources */ = {isa = PBXBuildFile; fileRef = FAFF50D0132EFDD800F02CE0 /* delete.png */; };
/* End PBXBuildFile section */

/* Begin PBXContainerItemProxy section */
		44B251C818FE418D00D73344 /* PBXContainerItemProxy */ = {
			isa = PBXContainerItemProxy;
			containerPortal = 29B97313FDCFA39411CA2CEA /* Project object */;
			proxyType = 1;
			remoteGlobalIDString = 8D1107260486CEB800E47090;
			remoteInfo = Hermes;
		};
		44B251CE18FE41EA00D73344 /* PBXContainerItemProxy */ = {
			isa = PBXContainerItemProxy;
			containerPortal = 29B97313FDCFA39411CA2CEA /* Project object */;
			proxyType = 1;
			remoteGlobalIDString = 8D1107260486CEB800E47090;
			remoteInfo = Hermes;
		};
/* End PBXContainerItemProxy section */

/* Begin PBXCopyFilesBuildPhase section */
		FAD42F9E13678F8800E935CA /* Copy Files */ = {
			isa = PBXCopyFilesBuildPhase;
			buildActionMask = 2147483647;
			dstPath = "";
			dstSubfolderSpec = 10;
			files = (
				FAD42FA013678FB000E935CA /* Sparkle.framework in Copy Files */,
				FA6E801F1438E96F00D01FB5 /* Growl.framework in Copy Files */,
			);
			name = "Copy Files";
			runOnlyForDeploymentPostprocessing = 0;
		};
/* End PBXCopyFilesBuildPhase section */

/* Begin PBXFileReference section */
		089C165DFE840E0CC02AAC07 /* English */ = {isa = PBXFileReference; fileEncoding = 4; lastKnownFileType = text.plist.strings; name = English; path = English.lproj/InfoPlist.strings; sourceTree = "<group>"; };
		1058C7A1FEA54F0111CA2CBB /* Cocoa.framework */ = {isa = PBXFileReference; lastKnownFileType = wrapper.framework; name = Cocoa.framework; path = /System/Library/Frameworks/Cocoa.framework; sourceTree = "<absolute>"; };
		13E42FB307B3F0F600E4EEF1 /* CoreData.framework */ = {isa = PBXFileReference; lastKnownFileType = wrapper.framework; name = CoreData.framework; path = /System/Library/Frameworks/CoreData.framework; sourceTree = "<absolute>"; };
		1DDD58150DA1D0A300B32029 /* English */ = {isa = PBXFileReference; lastKnownFileType = file.xib; name = English; path = English.lproj/MainMenu.xib; sourceTree = "<group>"; };
		256AC3D80F4B6AC300CF3369 /* HermesAppDelegate.h */ = {isa = PBXFileReference; fileEncoding = 4; lastKnownFileType = sourcecode.c.h; path = HermesAppDelegate.h; sourceTree = "<group>"; };
		256AC3D90F4B6AC300CF3369 /* HermesAppDelegate.m */ = {isa = PBXFileReference; fileEncoding = 4; lastKnownFileType = sourcecode.c.objc; path = HermesAppDelegate.m; sourceTree = "<group>"; wrapsLines = 0; };
		256AC3F00F4B6AF500CF3369 /* Hermes_Prefix.pch */ = {isa = PBXFileReference; fileEncoding = 4; lastKnownFileType = sourcecode.c.h; path = Hermes_Prefix.pch; sourceTree = "<group>"; };
		29B97316FDCFA39411CA2CEA /* main.m */ = {isa = PBXFileReference; fileEncoding = 4; lastKnownFileType = sourcecode.c.objc; path = main.m; sourceTree = "<group>"; };
		29B97324FDCFA39411CA2CEA /* AppKit.framework */ = {isa = PBXFileReference; lastKnownFileType = wrapper.framework; name = AppKit.framework; path = /System/Library/Frameworks/AppKit.framework; sourceTree = "<absolute>"; };
		29B97325FDCFA39411CA2CEA /* Foundation.framework */ = {isa = PBXFileReference; lastKnownFileType = wrapper.framework; name = Foundation.framework; path = /System/Library/Frameworks/Foundation.framework; sourceTree = "<absolute>"; };
		44310F8A18EB87AB0095359D /* Credits.rtf */ = {isa = PBXFileReference; fileEncoding = 4; lastKnownFileType = text.rtf; path = Credits.rtf; sourceTree = "<group>"; };
		44411DA5190166FB00EC4E05 /* PandoraDevice.h */ = {isa = PBXFileReference; fileEncoding = 4; lastKnownFileType = sourcecode.c.h; path = PandoraDevice.h; sourceTree = "<group>"; };
		44411DA6190166FB00EC4E05 /* PandoraDevice.m */ = {isa = PBXFileReference; fileEncoding = 4; lastKnownFileType = sourcecode.c.objc; path = PandoraDevice.m; sourceTree = "<group>"; };
		44619491187407A300482DC4 /* HistoryCollectionView.h */ = {isa = PBXFileReference; fileEncoding = 4; lastKnownFileType = sourcecode.c.h; name = HistoryCollectionView.h; path = Views/HistoryCollectionView.h; sourceTree = "<group>"; };
		44619492187407A300482DC4 /* HistoryCollectionView.m */ = {isa = PBXFileReference; fileEncoding = 4; lastKnownFileType = sourcecode.c.objc; name = HistoryCollectionView.m; path = Views/HistoryCollectionView.m; sourceTree = "<group>"; };
		44DFC8DE18FDFCBC007422DC /* Notifications.h */ = {isa = PBXFileReference; fileEncoding = 4; lastKnownFileType = sourcecode.c.h; path = Notifications.h; sourceTree = "<group>"; };
		44DFC8DF18FDFCBC007422DC /* Notifications.m */ = {isa = PBXFileReference; fileEncoding = 4; lastKnownFileType = sourcecode.c.objc; path = Notifications.m; sourceTree = "<group>"; };
		843B578919660680000898F2 /* NSObject+SPInvocationGrabbing.h */ = {isa = PBXFileReference; fileEncoding = 4; lastKnownFileType = sourcecode.c.h; path = "NSObject+SPInvocationGrabbing.h"; sourceTree = "<group>"; };
		843B578A19660680000898F2 /* NSObject+SPInvocationGrabbing.m */ = {isa = PBXFileReference; fileEncoding = 4; lastKnownFileType = sourcecode.c.objc; path = "NSObject+SPInvocationGrabbing.m"; sourceTree = "<group>"; };
		8D1107310486CEB800E47090 /* Hermes-Info.plist */ = {isa = PBXFileReference; fileEncoding = 4; lastKnownFileType = text.plist.xml; path = "Hermes-Info.plist"; sourceTree = "<group>"; };
		8D1107320486CEB800E47090 /* Hermes.app */ = {isa = PBXFileReference; explicitFileType = wrapper.application; includeInIndex = 0; path = Hermes.app; sourceTree = BUILT_PRODUCTS_DIR; };
		97177193159EAA7D00EE3355 /* cd.png */ = {isa = PBXFileReference; lastKnownFileType = image.png; path = cd.png; sourceTree = "<group>"; };
		97177196159EAF6F00EE3355 /* HistoryView.h */ = {isa = PBXFileReference; fileEncoding = 4; lastKnownFileType = sourcecode.c.h; name = HistoryView.h; path = Views/HistoryView.h; sourceTree = "<group>"; };
		97177197159EAF6F00EE3355 /* HistoryView.m */ = {isa = PBXFileReference; fileEncoding = 4; lastKnownFileType = sourcecode.c.objc; name = HistoryView.m; path = Views/HistoryView.m; sourceTree = "<group>"; };
		97177199159EB0E200EE3355 /* music-note.png */ = {isa = PBXFileReference; lastKnownFileType = image.png; path = "music-note.png"; sourceTree = "<group>"; };
		9717719B159EBBBF00EE3355 /* FileReader.h */ = {isa = PBXFileReference; fileEncoding = 4; lastKnownFileType = sourcecode.c.h; path = FileReader.h; sourceTree = "<group>"; };
		9717719C159EBBBF00EE3355 /* FileReader.m */ = {isa = PBXFileReference; fileEncoding = 4; lastKnownFileType = sourcecode.c.objc; path = FileReader.m; sourceTree = "<group>"; };
		971CC3981585DA11004D75BA /* NetworkConnection.h */ = {isa = PBXFileReference; fileEncoding = 4; lastKnownFileType = sourcecode.c.h; path = NetworkConnection.h; sourceTree = "<group>"; };
		971CC3991585DA11004D75BA /* NetworkConnection.m */ = {isa = PBXFileReference; fileEncoding = 4; lastKnownFileType = sourcecode.c.objc; path = NetworkConnection.m; sourceTree = "<group>"; };
		971CC3A01585DBD7004D75BA /* SystemConfiguration.framework */ = {isa = PBXFileReference; lastKnownFileType = wrapper.framework; name = SystemConfiguration.framework; path = System/Library/Frameworks/SystemConfiguration.framework; sourceTree = SDKROOT; };
		9728D898158C3DA500C078A4 /* SPMediaKeyTap.h */ = {isa = PBXFileReference; fileEncoding = 4; lastKnownFileType = sourcecode.c.h; path = SPMediaKeyTap.h; sourceTree = "<group>"; };
		9728D899158C3DA500C078A4 /* SPMediaKeyTap.m */ = {isa = PBXFileReference; fileEncoding = 4; indentWidth = 4; lastKnownFileType = sourcecode.c.objc; path = SPMediaKeyTap.m; sourceTree = "<group>"; tabWidth = 4; usesTabs = 1; };
		9728D89C158C3E3C00C078A4 /* Carbon.framework */ = {isa = PBXFileReference; lastKnownFileType = wrapper.framework; name = Carbon.framework; path = System/Library/Frameworks/Carbon.framework; sourceTree = SDKROOT; };
		9728D8A5158C3E7C00C078A4 /* AudioToolbox.framework */ = {isa = PBXFileReference; lastKnownFileType = wrapper.framework; name = AudioToolbox.framework; path = System/Library/Frameworks/AudioToolbox.framework; sourceTree = SDKROOT; };
		97539FAB158442A500D1E65C /* URLConnection.h */ = {isa = PBXFileReference; fileEncoding = 4; lastKnownFileType = sourcecode.c.h; path = URLConnection.h; sourceTree = "<group>"; };
		97539FAC158442A500D1E65C /* URLConnection.m */ = {isa = PBXFileReference; fileEncoding = 4; lastKnownFileType = sourcecode.c.objc; path = URLConnection.m; sourceTree = "<group>"; };
		97E0DA34159EDF7C00BEA465 /* radio.png */ = {isa = PBXFileReference; lastKnownFileType = image.png; path = radio.png; sourceTree = "<group>"; };
		B2A26AED1AE39E9B00ADD460 /* MusicProgressSliderCell.h */ = {isa = PBXFileReference; fileEncoding = 4; lastKnownFileType = sourcecode.c.h; name = MusicProgressSliderCell.h; path = Views/MusicProgressSliderCell.h; sourceTree = "<group>"; };
		B2A26AEE1AE39E9B00ADD460 /* MusicProgressSliderCell.m */ = {isa = PBXFileReference; fileEncoding = 4; lastKnownFileType = sourcecode.c.objc; name = MusicProgressSliderCell.m; path = Views/MusicProgressSliderCell.m; sourceTree = "<group>"; };
		E1200A9F1CF2A4CC000D3215 /* LabelHoverShowField.h */ = {isa = PBXFileReference; fileEncoding = 4; lastKnownFileType = sourcecode.c.h; name = LabelHoverShowField.h; path = Views/LabelHoverShowField.h; sourceTree = "<group>"; };
		E1200AA01CF2A4CC000D3215 /* LabelHoverShowField.m */ = {isa = PBXFileReference; fileEncoding = 4; lastKnownFileType = sourcecode.c.objc; name = LabelHoverShowField.m; path = Views/LabelHoverShowField.m; sourceTree = "<group>"; };
		E1200AA21CF2B015000D3215 /* LabelHoverShowFieldCell.h */ = {isa = PBXFileReference; fileEncoding = 4; lastKnownFileType = sourcecode.c.h; name = LabelHoverShowFieldCell.h; path = Views/LabelHoverShowFieldCell.h; sourceTree = "<group>"; };
		E1200AA31CF2B015000D3215 /* LabelHoverShowFieldCell.m */ = {isa = PBXFileReference; fileEncoding = 4; lastKnownFileType = sourcecode.c.objc; name = LabelHoverShowFieldCell.m; path = Views/LabelHoverShowFieldCell.m; sourceTree = "<group>"; };
		E124109818EBAF6F007AF091 /* HermesApp.h */ = {isa = PBXFileReference; fileEncoding = 4; lastKnownFileType = sourcecode.c.h; path = HermesApp.h; sourceTree = "<group>"; };
		E124109918EBAF6F007AF091 /* HermesApp.m */ = {isa = PBXFileReference; fileEncoding = 4; lastKnownFileType = sourcecode.c.objc; path = HermesApp.m; sourceTree = "<group>"; };
		E195ABA817D4636B00FE518C /* Quartz.framework */ = {isa = PBXFileReference; lastKnownFileType = wrapper.framework; name = Quartz.framework; path = System/Library/Frameworks/Quartz.framework; sourceTree = SDKROOT; };
		E1C1EC101A1AE7E4001E4D8F /* Pandora-Menu-Dark-Play.pdf */ = {isa = PBXFileReference; lastKnownFileType = image.pdf; path = "Pandora-Menu-Dark-Play.pdf"; sourceTree = "<group>"; };
		E1C1EC111A1AE7E4001E4D8F /* Pandora-Menu-Dark-Pause.pdf */ = {isa = PBXFileReference; lastKnownFileType = image.pdf; path = "Pandora-Menu-Dark-Pause.pdf"; sourceTree = "<group>"; };
		E1D0A73817E5630100429DE0 /* StationsTableView.h */ = {isa = PBXFileReference; fileEncoding = 4; lastKnownFileType = sourcecode.c.h; name = StationsTableView.h; path = Views/StationsTableView.h; sourceTree = "<group>"; };
		E1D0A73917E5630100429DE0 /* StationsTableView.m */ = {isa = PBXFileReference; fileEncoding = 4; lastKnownFileType = sourcecode.c.objc; name = StationsTableView.m; path = Views/StationsTableView.m; sourceTree = "<group>"; };
		FA04AE94144365D900819310 /* HistoryItem.h */ = {isa = PBXFileReference; fileEncoding = 4; lastKnownFileType = sourcecode.c.h; name = HistoryItem.h; path = Models/HistoryItem.h; sourceTree = "<group>"; };
		FA04AE95144365D900819310 /* HistoryItem.m */ = {isa = PBXFileReference; fileEncoding = 4; lastKnownFileType = sourcecode.c.objc; name = HistoryItem.m; path = Models/HistoryItem.m; sourceTree = "<group>"; };
		FA04AE9A14438F1000819310 /* thumbdown.png */ = {isa = PBXFileReference; lastKnownFileType = image.png; path = thumbdown.png; sourceTree = "<group>"; };
		FA04AE9B14438F1000819310 /* thumbup.png */ = {isa = PBXFileReference; lastKnownFileType = image.png; path = thumbup.png; sourceTree = "<group>"; };
		FA0E555914784A3000C36794 /* Hermes.sdef */ = {isa = PBXFileReference; fileEncoding = 4; lastKnownFileType = text; path = Hermes.sdef; sourceTree = "<group>"; };
		FA0E555F14784AF500C36794 /* AppleScript.h */ = {isa = PBXFileReference; fileEncoding = 4; lastKnownFileType = sourcecode.c.h; name = AppleScript.h; path = Integration/AppleScript.h; sourceTree = "<group>"; };
		FA0E556014784AF500C36794 /* AppleScript.m */ = {isa = PBXFileReference; fileEncoding = 4; lastKnownFileType = sourcecode.c.objc; name = AppleScript.m; path = Integration/AppleScript.m; sourceTree = "<group>"; };
		FA1063BC132C6A8A00D6DE42 /* Keychain.h */ = {isa = PBXFileReference; fileEncoding = 4; lastKnownFileType = sourcecode.c.h; name = Keychain.h; path = Integration/Keychain.h; sourceTree = "<group>"; };
		FA1063BD132C6A8A00D6DE42 /* Keychain.m */ = {isa = PBXFileReference; fileEncoding = 4; lastKnownFileType = sourcecode.c.objc; name = Keychain.m; path = Integration/Keychain.m; sourceTree = "<group>"; };
		FA228ECA137045F40070141A /* Security.framework */ = {isa = PBXFileReference; lastKnownFileType = wrapper.framework; name = Security.framework; path = /System/Library/Frameworks/Security.framework; sourceTree = "<absolute>"; };
		FA229D6414429E48008AB9FE /* history.png */ = {isa = PBXFileReference; lastKnownFileType = image.png; path = history.png; sourceTree = "<group>"; };
		FA229D6614429F68008AB9FE /* HistoryController.h */ = {isa = PBXFileReference; fileEncoding = 4; lastKnownFileType = sourcecode.c.h; name = HistoryController.h; path = Controllers/HistoryController.h; sourceTree = "<group>"; };
		FA229D6714429F68008AB9FE /* HistoryController.m */ = {isa = PBXFileReference; fileEncoding = 4; lastKnownFileType = sourcecode.c.objc; name = HistoryController.m; path = Controllers/HistoryController.m; sourceTree = "<group>"; };
		FA2442B9136B18DC00E126D3 /* PreferencesController.h */ = {isa = PBXFileReference; fileEncoding = 4; lastKnownFileType = sourcecode.c.h; name = PreferencesController.h; path = Controllers/PreferencesController.h; sourceTree = "<group>"; };
		FA2442BA136B18DC00E126D3 /* PreferencesController.m */ = {isa = PBXFileReference; fileEncoding = 4; lastKnownFileType = sourcecode.c.objc; name = PreferencesController.m; path = Controllers/PreferencesController.m; sourceTree = "<group>"; };
		FA24435E136B3D6C00E126D3 /* CHANGELOG.md */ = {isa = PBXFileReference; fileEncoding = 4; lastKnownFileType = text; name = CHANGELOG.md; path = ../CHANGELOG.md; sourceTree = "<group>"; };
		FA24435F136B3D6C00E126D3 /* README.md */ = {isa = PBXFileReference; fileEncoding = 4; lastKnownFileType = text; name = README.md; path = ../README.md; sourceTree = "<group>"; };
		FA2A3F75132BF97E0089AECC /* StationsController.h */ = {isa = PBXFileReference; fileEncoding = 4; lastKnownFileType = sourcecode.c.h; name = StationsController.h; path = Controllers/StationsController.h; sourceTree = "<group>"; };
		FA2A3F76132BF97E0089AECC /* StationsController.m */ = {isa = PBXFileReference; fileEncoding = 4; lastKnownFileType = sourcecode.c.objc; name = StationsController.m; path = Controllers/StationsController.m; sourceTree = "<group>"; };
		FA2A3F77132BF97E0089AECC /* Pandora.h */ = {isa = PBXFileReference; fileEncoding = 4; lastKnownFileType = sourcecode.c.h; path = Pandora.h; sourceTree = "<group>"; };
		FA2A3F78132BF97E0089AECC /* Pandora.m */ = {isa = PBXFileReference; fileEncoding = 4; lastKnownFileType = sourcecode.c.objc; path = Pandora.m; sourceTree = "<group>"; };
		FA2A3F91132BF9F50089AECC /* Crypt.h */ = {isa = PBXFileReference; fileEncoding = 4; lastKnownFileType = sourcecode.c.h; path = Crypt.h; sourceTree = "<group>"; };
		FA2A3F92132BF9F50089AECC /* Crypt.m */ = {isa = PBXFileReference; fileEncoding = 4; lastKnownFileType = sourcecode.c.objc; path = Crypt.m; sourceTree = "<group>"; };
		FA2A3F94132BF9F50089AECC /* Song.h */ = {isa = PBXFileReference; fileEncoding = 4; lastKnownFileType = sourcecode.c.h; path = Song.h; sourceTree = "<group>"; };
		FA2A3F95132BF9F50089AECC /* Song.m */ = {isa = PBXFileReference; fileEncoding = 4; lastKnownFileType = sourcecode.c.objc; path = Song.m; sourceTree = "<group>"; };
		FA2A3F96132BF9F50089AECC /* Station.h */ = {isa = PBXFileReference; fileEncoding = 4; lastKnownFileType = sourcecode.c.h; path = Station.h; sourceTree = "<group>"; };
		FA2A3F97132BF9F50089AECC /* Station.m */ = {isa = PBXFileReference; fileEncoding = 4; lastKnownFileType = sourcecode.c.objc; path = Station.m; sourceTree = "<group>"; };
		FA3CFE28132F9D30003554E2 /* missing-album.png */ = {isa = PBXFileReference; lastKnownFileType = image.png; path = "missing-album.png"; sourceTree = "<group>"; };
		FA3CFF42132FC4CF003554E2 /* PlaybackController.h */ = {isa = PBXFileReference; fileEncoding = 4; lastKnownFileType = sourcecode.c.h; name = PlaybackController.h; path = Controllers/PlaybackController.h; sourceTree = "<group>"; };
		FA3CFF43132FC4CF003554E2 /* PlaybackController.m */ = {isa = PBXFileReference; fileEncoding = 4; lastKnownFileType = sourcecode.c.objc; name = PlaybackController.m; path = Controllers/PlaybackController.m; sourceTree = "<group>"; };
		FA454683156604D100EE98C7 /* blowfish.c */ = {isa = PBXFileReference; fileEncoding = 4; lastKnownFileType = sourcecode.c.c; path = blowfish.c; sourceTree = "<group>"; };
		FA454684156604D100EE98C7 /* blowfish.h */ = {isa = PBXFileReference; fileEncoding = 4; lastKnownFileType = sourcecode.c.h; path = blowfish.h; sourceTree = "<group>"; };
		FA560C4F1331701E00215F71 /* ImageLoader.h */ = {isa = PBXFileReference; fileEncoding = 4; lastKnownFileType = sourcecode.c.h; name = ImageLoader.h; path = Models/ImageLoader.h; sourceTree = "<group>"; };
		FA560C501331701E00215F71 /* ImageLoader.m */ = {isa = PBXFileReference; fileEncoding = 4; lastKnownFileType = sourcecode.c.objc; name = ImageLoader.m; path = Models/ImageLoader.m; sourceTree = "<group>"; };
		FA6E801A1438E4B700D01FB5 /* Growl.framework */ = {isa = PBXFileReference; lastKnownFileType = wrapper.framework; path = Growl.framework; sourceTree = "<group>"; };
		FA6E801C1438E50C00D01FB5 /* Growler.h */ = {isa = PBXFileReference; fileEncoding = 4; lastKnownFileType = sourcecode.c.h; name = Growler.h; path = Integration/Growler.h; sourceTree = "<group>"; };
		FA6E801D1438E50C00D01FB5 /* Growler.m */ = {isa = PBXFileReference; fileEncoding = 4; lastKnownFileType = sourcecode.c.objc; name = Growler.m; path = Integration/Growler.m; sourceTree = "<group>"; };
		FA7BF0311331832E00E26ADA /* zzs.png */ = {isa = PBXFileReference; lastKnownFileType = image.png; path = zzs.png; sourceTree = "<group>"; };
		FA7FD1E313325F6600DF66EB /* volume_up.png */ = {isa = PBXFileReference; lastKnownFileType = image.png; path = volume_up.png; sourceTree = "<group>"; };
		FA85E6CD1333B257005C96B8 /* volume_down.icns */ = {isa = PBXFileReference; lastKnownFileType = image.icns; path = volume_down.icns; sourceTree = "<group>"; };
		FA94E6E61368E5830063860C /* FMEngine.h */ = {isa = PBXFileReference; fileEncoding = 4; lastKnownFileType = sourcecode.c.h; path = FMEngine.h; sourceTree = "<group>"; };
		FA94E6E71368E5830063860C /* FMEngine.m */ = {isa = PBXFileReference; fileEncoding = 4; lastKnownFileType = sourcecode.c.objc; path = FMEngine.m; sourceTree = "<group>"; };
		FA94E6EA1368E5830063860C /* NSString+FMEngine.h */ = {isa = PBXFileReference; fileEncoding = 4; lastKnownFileType = sourcecode.c.h; path = "NSString+FMEngine.h"; sourceTree = "<group>"; };
		FA94E6EB1368E5830063860C /* NSString+FMEngine.m */ = {isa = PBXFileReference; fileEncoding = 4; lastKnownFileType = sourcecode.c.objc; path = "NSString+FMEngine.m"; sourceTree = "<group>"; };
		FA94E6F61368E62C0063860C /* Scrobbler.h */ = {isa = PBXFileReference; fileEncoding = 4; lastKnownFileType = sourcecode.c.h; name = Scrobbler.h; path = Integration/Scrobbler.h; sourceTree = "<group>"; };
		FA94E6F71368E62C0063860C /* Scrobbler.m */ = {isa = PBXFileReference; fileEncoding = 4; lastKnownFileType = sourcecode.c.objc; name = Scrobbler.m; path = Integration/Scrobbler.m; sourceTree = "<group>"; };
		FA99E25915E4B7EA005AB6E6 /* ASPlaylist.h */ = {isa = PBXFileReference; fileEncoding = 4; lastKnownFileType = sourcecode.c.h; path = ASPlaylist.h; sourceTree = "<group>"; };
		FA99E25A15E4B7EA005AB6E6 /* ASPlaylist.m */ = {isa = PBXFileReference; fileEncoding = 4; lastKnownFileType = sourcecode.c.objc; path = ASPlaylist.m; sourceTree = "<group>"; };
		FAAB28CE1336FB0300FC04C4 /* pandora.icns */ = {isa = PBXFileReference; lastKnownFileType = image.icns; path = pandora.icns; sourceTree = "<group>"; };
		FACF0183149A713700D1FB73 /* AudioStreamer.h */ = {isa = PBXFileReference; lastKnownFileType = sourcecode.c.h; path = AudioStreamer.h; sourceTree = "<group>"; };
		FACF0184149A713700D1FB73 /* AudioStreamer.m */ = {isa = PBXFileReference; lastKnownFileType = sourcecode.c.objc; path = AudioStreamer.m; sourceTree = "<group>"; };
		FACFACD415673690008A2140 /* StationController.h */ = {isa = PBXFileReference; fileEncoding = 4; lastKnownFileType = sourcecode.c.h; name = StationController.h; path = Controllers/StationController.h; sourceTree = "<group>"; };
		FACFACD515673690008A2140 /* StationController.m */ = {isa = PBXFileReference; fileEncoding = 4; lastKnownFileType = sourcecode.c.objc; name = StationController.m; path = Controllers/StationController.m; sourceTree = "<group>"; };
		FAD42F8713678F7500E935CA /* Sparkle.framework */ = {isa = PBXFileReference; lastKnownFileType = wrapper.framework; path = Sparkle.framework; sourceTree = "<group>"; };
		FAD42FA3136790DE00E935CA /* dsa_pub.pem */ = {isa = PBXFileReference; fileEncoding = 4; lastKnownFileType = text; path = dsa_pub.pem; sourceTree = "<group>"; };
		FAEFFAAF132CB173007DC6FB /* AuthController.h */ = {isa = PBXFileReference; fileEncoding = 4; lastKnownFileType = sourcecode.c.h; name = AuthController.h; path = Controllers/AuthController.h; sourceTree = "<group>"; };
		FAEFFAB0132CB173007DC6FB /* AuthController.m */ = {isa = PBXFileReference; fileEncoding = 4; lastKnownFileType = sourcecode.c.objc; name = AuthController.m; path = Controllers/AuthController.m; sourceTree = "<group>"; };
		FAEFFBD4132CC0E2007DC6FB /* error_icon.png */ = {isa = PBXFileReference; explicitFileType = image.png; path = error_icon.png; sourceTree = "<group>"; };
		FAEFFC4B132D6D2A007DC6FB /* pause.png */ = {isa = PBXFileReference; lastKnownFileType = image.png; path = pause.png; sourceTree = "<group>"; };
		FAEFFC4C132D6D2A007DC6FB /* play.png */ = {isa = PBXFileReference; lastKnownFileType = image.png; path = play.png; sourceTree = "<group>"; };
		FAEFFC51132D6EC5007DC6FB /* fast_forward.png */ = {isa = PBXFileReference; lastKnownFileType = image.png; path = fast_forward.png; sourceTree = "<group>"; };
		FAFF50D0132EFDD800F02CE0 /* delete.png */ = {isa = PBXFileReference; lastKnownFileType = image.png; path = delete.png; sourceTree = "<group>"; };
/* End PBXFileReference section */

/* Begin PBXFrameworksBuildPhase section */
		8D11072E0486CEB800E47090 /* Frameworks */ = {
			isa = PBXFrameworksBuildPhase;
			buildActionMask = 2147483647;
			files = (
				441C9F131CC81A82000A0302 /* Carbon.framework in Frameworks */,
				441C9F0D1CC80635000A0302 /* AudioToolbox.framework in Frameworks */,
				E195ABA917D4636B00FE518C /* Quartz.framework in Frameworks */,
				971CC3A11585DBD7004D75BA /* SystemConfiguration.framework in Frameworks */,
				FA6E801B1438E4B700D01FB5 /* Growl.framework in Frameworks */,
				FA228ECB137045F40070141A /* Security.framework in Frameworks */,
				8D11072F0486CEB800E47090 /* Cocoa.framework in Frameworks */,
				FAD42F8813678F7500E935CA /* Sparkle.framework in Frameworks */,
			);
			runOnlyForDeploymentPostprocessing = 0;
		};
/* End PBXFrameworksBuildPhase section */

/* Begin PBXGroup section */
		080E96DDFE201D6D7F000001 /* Sources */ = {
			isa = PBXGroup;
			children = (
				256AC3F00F4B6AF500CF3369 /* Hermes_Prefix.pch */,
				29B97316FDCFA39411CA2CEA /* main.m */,
				FACF0180149A713700D1FB73 /* AudioStreamer */,
				971CC3981585DA11004D75BA /* NetworkConnection.h */,
				971CC3991585DA11004D75BA /* NetworkConnection.m */,
				97539FAB158442A500D1E65C /* URLConnection.h */,
				97539FAC158442A500D1E65C /* URLConnection.m */,
				FA0E5569147855DD00C36794 /* Models */,
				FA0E5568147855AB00C36794 /* Controllers */,
				FA0E55671478559200C36794 /* Integration */,
				FA2A3F90132BF9F50089AECC /* Pandora */,
				256AC3D80F4B6AC300CF3369 /* HermesAppDelegate.h */,
				256AC3D90F4B6AC300CF3369 /* HermesAppDelegate.m */,
				E124109818EBAF6F007AF091 /* HermesApp.h */,
				E124109918EBAF6F007AF091 /* HermesApp.m */,
				9717719B159EBBBF00EE3355 /* FileReader.h */,
				9717719C159EBBBF00EE3355 /* FileReader.m */,
				44DFC8DE18FDFCBC007422DC /* Notifications.h */,
				44DFC8DF18FDFCBC007422DC /* Notifications.m */,
				B2A26AF01AE39E9F00ADD460 /* Views */,
			);
			path = Sources;
			sourceTree = "<group>";
		};
		1058C7A0FEA54F0111CA2CBB /* Linked Frameworks */ = {
			isa = PBXGroup;
			children = (
				9728D8A5158C3E7C00C078A4 /* AudioToolbox.framework */,
				9728D89C158C3E3C00C078A4 /* Carbon.framework */,
				1058C7A1FEA54F0111CA2CBB /* Cocoa.framework */,
				FA6E801A1438E4B700D01FB5 /* Growl.framework */,
				E195ABA817D4636B00FE518C /* Quartz.framework */,
				FA228ECA137045F40070141A /* Security.framework */,
				FAD42F8713678F7500E935CA /* Sparkle.framework */,
				971CC3A01585DBD7004D75BA /* SystemConfiguration.framework */,
			);
			name = "Linked Frameworks";
			sourceTree = "<group>";
		};
		1058C7A2FEA54F0111CA2CBB /* Other Frameworks */ = {
			isa = PBXGroup;
			children = (
				29B97324FDCFA39411CA2CEA /* AppKit.framework */,
				29B97325FDCFA39411CA2CEA /* Foundation.framework */,
				13E42FB307B3F0F600E4EEF1 /* CoreData.framework */,
			);
			name = "Other Frameworks";
			sourceTree = "<group>";
		};
		19C28FACFE9D520D11CA2CBB /* Products */ = {
			isa = PBXGroup;
			children = (
				8D1107320486CEB800E47090 /* Hermes.app */,
			);
			name = Products;
			sourceTree = "<group>";
		};
		29B97314FDCFA39411CA2CEA /* Pithos */ = {
			isa = PBXGroup;
			children = (
				4436BF6B18F4DBE600DDD578 /* ImportedSources */,
				080E96DDFE201D6D7F000001 /* Sources */,
				29B97317FDCFA39411CA2CEA /* Resources */,
				29B97323FDCFA39411CA2CEA /* Frameworks */,
				19C28FACFE9D520D11CA2CBB /* Products */,
			);
			indentWidth = 2;
			name = Pithos;
			sourceTree = "<group>";
			tabWidth = 2;
		};
		29B97317FDCFA39411CA2CEA /* Resources */ = {
			isa = PBXGroup;
			children = (
				FA24435E136B3D6C00E126D3 /* CHANGELOG.md */,
				FAD42FA3136790DE00E935CA /* dsa_pub.pem */,
				8D1107310486CEB800E47090 /* Hermes-Info.plist */,
				FAEFFBFF132D620B007DC6FB /* Icons */,
				089C165CFE840E0CC02AAC07 /* InfoPlist.strings */,
				1DDD58140DA1D0A300B32029 /* MainMenu.xib */,
				FAAB28CE1336FB0300FC04C4 /* pandora.icns */,
				FA24435F136B3D6C00E126D3 /* README.md */,
				FA0E555914784A3000C36794 /* Hermes.sdef */,
				44310F8A18EB87AB0095359D /* Credits.rtf */,
			);
			path = Resources;
			sourceTree = "<group>";
		};
		29B97323FDCFA39411CA2CEA /* Frameworks */ = {
			isa = PBXGroup;
			children = (
				1058C7A0FEA54F0111CA2CBB /* Linked Frameworks */,
				1058C7A2FEA54F0111CA2CBB /* Other Frameworks */,
			);
			path = Frameworks;
			sourceTree = "<group>";
		};
		4436BF6B18F4DBE600DDD578 /* ImportedSources */ = {
			isa = PBXGroup;
			children = (
				4436BF6C18F4DC1F00DDD578 /* blowfish */,
				FA94E6E31368E5830063860C /* FMEngine */,
				9728D887158C3D3100C078A4 /* SPMediaKeyTap */,
			);
			path = ImportedSources;
			sourceTree = "<group>";
		};
		4436BF6C18F4DC1F00DDD578 /* blowfish */ = {
			isa = PBXGroup;
			children = (
				FA454683156604D100EE98C7 /* blowfish.c */,
				FA454684156604D100EE98C7 /* blowfish.h */,
			);
			path = blowfish;
			sourceTree = "<group>";
		};
		9728D887158C3D3100C078A4 /* SPMediaKeyTap */ = {
			isa = PBXGroup;
			children = (
				843B578919660680000898F2 /* NSObject+SPInvocationGrabbing.h */,
				843B578A19660680000898F2 /* NSObject+SPInvocationGrabbing.m */,
				9728D898158C3DA500C078A4 /* SPMediaKeyTap.h */,
				9728D899158C3DA500C078A4 /* SPMediaKeyTap.m */,
			);
			path = SPMediaKeyTap;
			sourceTree = "<group>";
		};
		B2A26AF01AE39E9F00ADD460 /* Views */ = {
			isa = PBXGroup;
			children = (
				44619491187407A300482DC4 /* HistoryCollectionView.h */,
				44619492187407A300482DC4 /* HistoryCollectionView.m */,
				97177196159EAF6F00EE3355 /* HistoryView.h */,
				97177197159EAF6F00EE3355 /* HistoryView.m */,
				E1200A9F1CF2A4CC000D3215 /* LabelHoverShowField.h */,
				E1200AA01CF2A4CC000D3215 /* LabelHoverShowField.m */,
				E1200AA21CF2B015000D3215 /* LabelHoverShowFieldCell.h */,
				E1200AA31CF2B015000D3215 /* LabelHoverShowFieldCell.m */,
				B2A26AED1AE39E9B00ADD460 /* MusicProgressSliderCell.h */,
				B2A26AEE1AE39E9B00ADD460 /* MusicProgressSliderCell.m */,
				E1D0A73817E5630100429DE0 /* StationsTableView.h */,
				E1D0A73917E5630100429DE0 /* StationsTableView.m */,
			);
			name = Views;
			sourceTree = "<group>";
		};
		FA0E55671478559200C36794 /* Integration */ = {
			isa = PBXGroup;
			children = (
				FA0E555F14784AF500C36794 /* AppleScript.h */,
				FA0E556014784AF500C36794 /* AppleScript.m */,
				FA94E6F61368E62C0063860C /* Scrobbler.h */,
				FA94E6F71368E62C0063860C /* Scrobbler.m */,
				FA1063BC132C6A8A00D6DE42 /* Keychain.h */,
				FA1063BD132C6A8A00D6DE42 /* Keychain.m */,
				FA6E801C1438E50C00D01FB5 /* Growler.h */,
				FA6E801D1438E50C00D01FB5 /* Growler.m */,
			);
			name = Integration;
			sourceTree = "<group>";
		};
		FA0E5568147855AB00C36794 /* Controllers */ = {
			isa = PBXGroup;
			children = (
				FAEFFAAF132CB173007DC6FB /* AuthController.h */,
				FAEFFAB0132CB173007DC6FB /* AuthController.m */,
				FA229D6614429F68008AB9FE /* HistoryController.h */,
				FA229D6714429F68008AB9FE /* HistoryController.m */,
				FA3CFF42132FC4CF003554E2 /* PlaybackController.h */,
				FA3CFF43132FC4CF003554E2 /* PlaybackController.m */,
				FA2442B9136B18DC00E126D3 /* PreferencesController.h */,
				FA2442BA136B18DC00E126D3 /* PreferencesController.m */,
				FA2A3F75132BF97E0089AECC /* StationsController.h */,
				FA2A3F76132BF97E0089AECC /* StationsController.m */,
				FACFACD415673690008A2140 /* StationController.h */,
				FACFACD515673690008A2140 /* StationController.m */,
			);
			name = Controllers;
			sourceTree = "<group>";
		};
		FA0E5569147855DD00C36794 /* Models */ = {
			isa = PBXGroup;
			children = (
				FA04AE94144365D900819310 /* HistoryItem.h */,
				FA04AE95144365D900819310 /* HistoryItem.m */,
				FA560C4F1331701E00215F71 /* ImageLoader.h */,
				FA560C501331701E00215F71 /* ImageLoader.m */,
			);
			name = Models;
			sourceTree = "<group>";
		};
		FA2A3F90132BF9F50089AECC /* Pandora */ = {
			isa = PBXGroup;
			children = (
				FA2A3F77132BF97E0089AECC /* Pandora.h */,
				FA2A3F78132BF97E0089AECC /* Pandora.m */,
				FA2A3F91132BF9F50089AECC /* Crypt.h */,
				FA2A3F92132BF9F50089AECC /* Crypt.m */,
				FA2A3F94132BF9F50089AECC /* Song.h */,
				FA2A3F95132BF9F50089AECC /* Song.m */,
				FA2A3F96132BF9F50089AECC /* Station.h */,
				FA2A3F97132BF9F50089AECC /* Station.m */,
				44411DA5190166FB00EC4E05 /* PandoraDevice.h */,
				44411DA6190166FB00EC4E05 /* PandoraDevice.m */,
			);
			path = Pandora;
			sourceTree = "<group>";
		};
		FA94E6E31368E5830063860C /* FMEngine */ = {
			isa = PBXGroup;
			children = (
				FA94E6E61368E5830063860C /* FMEngine.h */,
				FA94E6E71368E5830063860C /* FMEngine.m */,
				FA94E6EA1368E5830063860C /* NSString+FMEngine.h */,
				FA94E6EB1368E5830063860C /* NSString+FMEngine.m */,
			);
			path = FMEngine;
			sourceTree = "<group>";
		};
		FACF0180149A713700D1FB73 /* AudioStreamer */ = {
			isa = PBXGroup;
			children = (
				FACF0183149A713700D1FB73 /* AudioStreamer.h */,
				FACF0184149A713700D1FB73 /* AudioStreamer.m */,
				FA99E25915E4B7EA005AB6E6 /* ASPlaylist.h */,
				FA99E25A15E4B7EA005AB6E6 /* ASPlaylist.m */,
			);
			path = AudioStreamer;
			sourceTree = "<group>";
		};
		FAEFFBFF132D620B007DC6FB /* Icons */ = {
			isa = PBXGroup;
			children = (
				97E0DA34159EDF7C00BEA465 /* radio.png */,
				97177199159EB0E200EE3355 /* music-note.png */,
				97177193159EAA7D00EE3355 /* cd.png */,
				FA04AE9A14438F1000819310 /* thumbdown.png */,
				FA04AE9B14438F1000819310 /* thumbup.png */,
				FA229D6414429E48008AB9FE /* history.png */,
				FA85E6CD1333B257005C96B8 /* volume_down.icns */,
				FA7FD1E313325F6600DF66EB /* volume_up.png */,
				FA7BF0311331832E00E26ADA /* zzs.png */,
				FA3CFE28132F9D30003554E2 /* missing-album.png */,
				FAFF50D0132EFDD800F02CE0 /* delete.png */,
				FAEFFC51132D6EC5007DC6FB /* fast_forward.png */,
				FAEFFC4B132D6D2A007DC6FB /* pause.png */,
				FAEFFC4C132D6D2A007DC6FB /* play.png */,
				FAEFFBD4132CC0E2007DC6FB /* error_icon.png */,
				E1C1EC101A1AE7E4001E4D8F /* Pandora-Menu-Dark-Play.pdf */,
				E1C1EC111A1AE7E4001E4D8F /* Pandora-Menu-Dark-Pause.pdf */,
			);
			path = Icons;
			sourceTree = "<group>";
		};
/* End PBXGroup section */

/* Begin PBXLegacyTarget section */
		44B251C418FE415900D73344 /* Archive Hermes */ = {
			isa = PBXLegacyTarget;
			buildArgumentsString = "$(ACTION)";
			buildConfigurationList = 44B251C718FE415900D73344 /* Build configuration list for PBXLegacyTarget "Archive Hermes" */;
			buildPhases = (
			);
			buildToolPath = Scripts/archive.sh;
			buildWorkingDirectory = "";
			dependencies = (
				44B251C918FE418D00D73344 /* PBXTargetDependency */,
			);
			name = "Archive Hermes";
			passBuildSettingsInEnvironment = 1;
			productName = "Archive Hermes";
		};
		44B251CA18FE41D400D73344 /* Upload Hermes Release */ = {
			isa = PBXLegacyTarget;
			buildArgumentsString = "$(ACTION)";
			buildConfigurationList = 44B251CB18FE41D400D73344 /* Build configuration list for PBXLegacyTarget "Upload Hermes Release" */;
			buildPhases = (
			);
			buildToolPath = Scripts/upload_release.sh;
			buildWorkingDirectory = "";
			dependencies = (
				44B251CF18FE41EA00D73344 /* PBXTargetDependency */,
			);
			name = "Upload Hermes Release";
			passBuildSettingsInEnvironment = 1;
			productName = "Upload Hermes Release";
		};
/* End PBXLegacyTarget section */

/* Begin PBXNativeTarget section */
		8D1107260486CEB800E47090 /* Hermes */ = {
			isa = PBXNativeTarget;
			buildConfigurationList = C01FCF4A08A954540054247B /* Build configuration list for PBXNativeTarget "Hermes" */;
			buildPhases = (
				8D1107290486CEB800E47090 /* Resources */,
				8D11072C0486CEB800E47090 /* Sources */,
				8D11072E0486CEB800E47090 /* Frameworks */,
				FAD42F9E13678F8800E935CA /* Copy Files */,
			);
			buildRules = (
			);
			dependencies = (
			);
			name = Hermes;
			productInstallPath = "$(HOME)/Applications";
			productName = Pithos;
			productReference = 8D1107320486CEB800E47090 /* Hermes.app */;
			productType = "com.apple.product-type.application";
		};
/* End PBXNativeTarget section */

/* Begin PBXProject section */
		29B97313FDCFA39411CA2CEA /* Project object */ = {
			isa = PBXProject;
			attributes = {
				BuildIndependentTargetsInParallel = YES;
				LastUpgradeCheck = 0730;
			};
			buildConfigurationList = C01FCF4E08A954540054247B /* Build configuration list for PBXProject "Hermes" */;
			compatibilityVersion = "Xcode 6.3";
			developmentRegion = English;
			hasScannedForEncodings = 1;
			knownRegions = (
				English,
				Japanese,
				French,
				German,
				en,
			);
			mainGroup = 29B97314FDCFA39411CA2CEA /* Pithos */;
			projectDirPath = "";
			projectRoot = "";
			targets = (
				8D1107260486CEB800E47090 /* Hermes */,
				44B251C418FE415900D73344 /* Archive Hermes */,
				44B251CA18FE41D400D73344 /* Upload Hermes Release */,
			);
		};
/* End PBXProject section */

/* Begin PBXResourcesBuildPhase section */
		8D1107290486CEB800E47090 /* Resources */ = {
			isa = PBXResourcesBuildPhase;
			buildActionMask = 2147483647;
			files = (
				8D11072B0486CEB800E47090 /* InfoPlist.strings in Resources */,
				1DDD58160DA1D0A300B32029 /* MainMenu.xib in Resources */,
				FAEFFBD5132CC0E2007DC6FB /* error_icon.png in Resources */,
				FAEFFC4D132D6D2A007DC6FB /* pause.png in Resources */,
				FAEFFC4E132D6D2A007DC6FB /* play.png in Resources */,
				FAEFFC52132D6EC5007DC6FB /* fast_forward.png in Resources */,
				FAFF50D1132EFDD800F02CE0 /* delete.png in Resources */,
				FA3CFE29132F9D30003554E2 /* missing-album.png in Resources */,
				E1C1EC121A1AE7E4001E4D8F /* Pandora-Menu-Dark-Play.pdf in Resources */,
				FA7BF0321331832E00E26ADA /* zzs.png in Resources */,
				FA7FD1E413325F6600DF66EB /* volume_up.png in Resources */,
				FA85E6CE1333B257005C96B8 /* volume_down.icns in Resources */,
				FAAB28CF1336FB0300FC04C4 /* pandora.icns in Resources */,
				FAD42FA4136790DE00E935CA /* dsa_pub.pem in Resources */,
				FA229D6514429E48008AB9FE /* history.png in Resources */,
				FA04AE9C14438F1000819310 /* thumbdown.png in Resources */,
				FA04AE9D14438F1000819310 /* thumbup.png in Resources */,
				FA0E555A14784A3000C36794 /* Hermes.sdef in Resources */,
				44310F8B18EB87AB0095359D /* Credits.rtf in Resources */,
				97177194159EAA7D00EE3355 /* cd.png in Resources */,
				E1C1EC131A1AE7E4001E4D8F /* Pandora-Menu-Dark-Pause.pdf in Resources */,
				9717719A159EB0E200EE3355 /* music-note.png in Resources */,
				97E0DA35159EDF7C00BEA465 /* radio.png in Resources */,
			);
			runOnlyForDeploymentPostprocessing = 0;
		};
/* End PBXResourcesBuildPhase section */

/* Begin PBXSourcesBuildPhase section */
		8D11072C0486CEB800E47090 /* Sources */ = {
			isa = PBXSourcesBuildPhase;
			buildActionMask = 2147483647;
			files = (
				441C9F101CC815A1000A0302 /* NSObject+SPInvocationGrabbing.m in Sources */,
				441C9F121CC815A1000A0302 /* SPMediaKeyTap.m in Sources */,
				441C9F0E1CC80AA0000A0302 /* ASPlaylist.m in Sources */,
				E1200AA41CF2B015000D3215 /* LabelHoverShowFieldCell.m in Sources */,
				8D11072D0486CEB800E47090 /* main.m in Sources */,
				FA2A3F7F132BF97E0089AECC /* StationsController.m in Sources */,
				FA2A3F80132BF97E0089AECC /* Pandora.m in Sources */,
				FA2A3F98132BF9F50089AECC /* Crypt.m in Sources */,
				FA2A3F99132BF9F50089AECC /* Song.m in Sources */,
				FA2A3F9A132BF9F50089AECC /* Station.m in Sources */,
				FA1063BE132C6A8A00D6DE42 /* Keychain.m in Sources */,
				FAEFFAB1132CB173007DC6FB /* AuthController.m in Sources */,
				FA3CFF44132FC4CF003554E2 /* PlaybackController.m in Sources */,
				FA560C511331701E00215F71 /* ImageLoader.m in Sources */,
				FA85E72E13347A64005C96B8 /* HermesAppDelegate.m in Sources */,
				B2A26AEF1AE39E9B00ADD460 /* MusicProgressSliderCell.m in Sources */,
				FA94E6ED1368E5830063860C /* FMEngine.m in Sources */,
				FA94E6EF1368E5830063860C /* NSString+FMEngine.m in Sources */,
				44411DA7190166FB00EC4E05 /* PandoraDevice.m in Sources */,
				FA94E6F81368E62C0063860C /* Scrobbler.m in Sources */,
				44619493187407A300482DC4 /* HistoryCollectionView.m in Sources */,
				FA2442BB136B18DC00E126D3 /* PreferencesController.m in Sources */,
				44DFC8E018FDFCBC007422DC /* Notifications.m in Sources */,
				E124109A18EBAF6F007AF091 /* HermesApp.m in Sources */,
				FA6E801E1438E50C00D01FB5 /* Growler.m in Sources */,
				441C9F161CC86A74000A0302 /* AudioStreamer.m in Sources */,
				FA229D6814429F69008AB9FE /* HistoryController.m in Sources */,
				FA04AE96144365D900819310 /* HistoryItem.m in Sources */,
				FA0E556114784AF500C36794 /* AppleScript.m in Sources */,
				FA454685156604D100EE98C7 /* blowfish.c in Sources */,
				FACFACD615673690008A2140 /* StationController.m in Sources */,
				97539FAD158442A500D1E65C /* URLConnection.m in Sources */,
				971CC39A1585DA11004D75BA /* NetworkConnection.m in Sources */,
				97177198159EAF6F00EE3355 /* HistoryView.m in Sources */,
				E1200AA11CF2A4CC000D3215 /* LabelHoverShowField.m in Sources */,
				9717719D159EBBBF00EE3355 /* FileReader.m in Sources */,
				E1D0A73A17E5630200429DE0 /* StationsTableView.m in Sources */,
			);
			runOnlyForDeploymentPostprocessing = 0;
		};
/* End PBXSourcesBuildPhase section */

/* Begin PBXTargetDependency section */
		44B251C918FE418D00D73344 /* PBXTargetDependency */ = {
			isa = PBXTargetDependency;
			target = 8D1107260486CEB800E47090 /* Hermes */;
			targetProxy = 44B251C818FE418D00D73344 /* PBXContainerItemProxy */;
		};
		44B251CF18FE41EA00D73344 /* PBXTargetDependency */ = {
			isa = PBXTargetDependency;
			target = 8D1107260486CEB800E47090 /* Hermes */;
			targetProxy = 44B251CE18FE41EA00D73344 /* PBXContainerItemProxy */;
		};
/* End PBXTargetDependency section */

/* Begin PBXVariantGroup section */
		089C165CFE840E0CC02AAC07 /* InfoPlist.strings */ = {
			isa = PBXVariantGroup;
			children = (
				089C165DFE840E0CC02AAC07 /* English */,
			);
			name = InfoPlist.strings;
			sourceTree = "<group>";
		};
		1DDD58140DA1D0A300B32029 /* MainMenu.xib */ = {
			isa = PBXVariantGroup;
			children = (
				1DDD58150DA1D0A300B32029 /* English */,
			);
			name = MainMenu.xib;
			sourceTree = "<group>";
		};
/* End PBXVariantGroup section */

/* Begin XCBuildConfiguration section */
		44B251C518FE415900D73344 /* Debug */ = {
			isa = XCBuildConfiguration;
			buildSettings = {
				PRODUCT_NAME = "$(TARGET_NAME)";
			};
			name = Debug;
		};
		44B251C618FE415900D73344 /* Release */ = {
			isa = XCBuildConfiguration;
			buildSettings = {
				PRODUCT_NAME = "$(TARGET_NAME)";
			};
			name = Release;
		};
		44B251CC18FE41D400D73344 /* Debug */ = {
			isa = XCBuildConfiguration;
			buildSettings = {
				PRODUCT_NAME = "$(TARGET_NAME)";
			};
			name = Debug;
		};
		44B251CD18FE41D400D73344 /* Release */ = {
			isa = XCBuildConfiguration;
			buildSettings = {
				PRODUCT_NAME = "$(TARGET_NAME)";
			};
			name = Release;
		};
		C01FCF4B08A954540054247B /* Debug */ = {
			isa = XCBuildConfiguration;
			buildSettings = {
				ALWAYS_SEARCH_USER_PATHS = NO;
				CODE_SIGN_IDENTITY = "Developer ID Application";
				COMBINE_HIDPI_IMAGES = YES;
				FRAMEWORK_SEARCH_PATHS = (
					"$(inherited)",
					"\"$(SRCROOT)\"",
					"\"$(SRCROOT)/Frameworks\"",
				);
				GCC_PREFIX_HEADER = Sources/Hermes_Prefix.pch;
				HEADER_SEARCH_PATHS = (
					"\"$(SRCROOT)\"",
					"\"$(SRCROOT)/Sources\"/**",
					"\"$(SRCROOT)/ImportedSources\"",
				);
				INFOPLIST_FILE = "Resources/Hermes-Info.plist";
				LD_RUNPATH_SEARCH_PATHS = "$(inherited) @executable_path/../Frameworks";
				PRODUCT_BUNDLE_IDENTIFIER = "com.alexcrichton.$(PRODUCT_NAME:rfc1034identifier)";
				PRODUCT_NAME = Hermes;
				RUN_CLANG_STATIC_ANALYZER = YES;
				WARNING_CFLAGS = (
					"-Wall",
					"-Wextra",
					"-Wno-unused-parameter",
					"-Werror",
				);
			};
			name = Debug;
		};
		C01FCF4C08A954540054247B /* Release */ = {
			isa = XCBuildConfiguration;
			buildSettings = {
				ALWAYS_SEARCH_USER_PATHS = NO;
				CODE_SIGN_IDENTITY = "Developer ID Application";
				COMBINE_HIDPI_IMAGES = YES;
				DEBUG_INFORMATION_FORMAT = "dwarf-with-dsym";
				FRAMEWORK_SEARCH_PATHS = (
					"$(inherited)",
					"\"$(SRCROOT)\"",
					"\"$(SRCROOT)/Frameworks\"",
				);
				GCC_PREFIX_HEADER = Sources/Hermes_Prefix.pch;
				HEADER_SEARCH_PATHS = (
					"\"$(SRCROOT)\"",
					"\"$(SRCROOT)/Sources\"/**",
					"\"$(SRCROOT)/ImportedSources\"",
				);
				INFOPLIST_FILE = "Resources/Hermes-Info.plist";
				LD_RUNPATH_SEARCH_PATHS = "$(inherited) @executable_path/../Frameworks";
				PRODUCT_BUNDLE_IDENTIFIER = "com.alexcrichton.$(PRODUCT_NAME:rfc1034identifier)";
				PRODUCT_NAME = Hermes;
				RUN_CLANG_STATIC_ANALYZER = YES;
				WARNING_CFLAGS = (
					"-Wall",
					"-Wextra",
					"-Wno-unused-parameter",
					"-Werror",
				);
			};
			name = Release;
		};
		C01FCF4F08A954540054247B /* Debug */ = {
			isa = XCBuildConfiguration;
			buildSettings = {
				CLANG_ENABLE_OBJC_ARC = YES;
				COPY_PHASE_STRIP = NO;
				CURRENT_PROJECT_VERSION = 2051;
				ENABLE_TESTABILITY = YES;
				GCC_ENABLE_CPP_EXCEPTIONS = NO;
				GCC_OPTIMIZATION_LEVEL = 0;
				GCC_PRECOMPILE_PREFIX_HEADER = YES;
				GCC_TREAT_WARNINGS_AS_ERRORS = YES;
				GCC_WARN_ABOUT_RETURN_TYPE = YES;
				GCC_WARN_UNUSED_VARIABLE = YES;
				MACOSX_DEPLOYMENT_TARGET = 10.10;
				ONLY_ACTIVE_ARCH = YES;
				OTHER_CFLAGS = "-DDEBUG";
				SDKROOT = macosx;
				STRIP_INSTALLED_PRODUCT = NO;
				VERSIONING_SYSTEM = "apple-generic";
				WARNING_CFLAGS = "-Wall";
			};
			name = Debug;
		};
		C01FCF5008A954540054247B /* Release */ = {
			isa = XCBuildConfiguration;
			buildSettings = {
				CLANG_ENABLE_OBJC_ARC = YES;
				COPY_PHASE_STRIP = NO;
				CURRENT_PROJECT_VERSION = 2051;
				GCC_ENABLE_CPP_EXCEPTIONS = NO;
				GCC_OPTIMIZATION_LEVEL = s;
				GCC_PRECOMPILE_PREFIX_HEADER = YES;
				GCC_TREAT_WARNINGS_AS_ERRORS = YES;
				GCC_WARN_ABOUT_RETURN_TYPE = YES;
				GCC_WARN_UNUSED_VARIABLE = YES;
				MACOSX_DEPLOYMENT_TARGET = 10.10;
				ONLY_ACTIVE_ARCH = YES;
				SDKROOT = macosx;
				STRIP_INSTALLED_PRODUCT = NO;
				VERSIONING_SYSTEM = "apple-generic";
				WARNING_CFLAGS = "-Wall";
			};
			name = Release;
		};
/* End XCBuildConfiguration section */

/* Begin XCConfigurationList section */
		44B251C718FE415900D73344 /* Build configuration list for PBXLegacyTarget "Archive Hermes" */ = {
			isa = XCConfigurationList;
			buildConfigurations = (
				44B251C518FE415900D73344 /* Debug */,
				44B251C618FE415900D73344 /* Release */,
			);
			defaultConfigurationIsVisible = 0;
			defaultConfigurationName = Release;
		};
		44B251CB18FE41D400D73344 /* Build configuration list for PBXLegacyTarget "Upload Hermes Release" */ = {
			isa = XCConfigurationList;
			buildConfigurations = (
				44B251CC18FE41D400D73344 /* Debug */,
				44B251CD18FE41D400D73344 /* Release */,
			);
			defaultConfigurationIsVisible = 0;
			defaultConfigurationName = Release;
		};
		C01FCF4A08A954540054247B /* Build configuration list for PBXNativeTarget "Hermes" */ = {
			isa = XCConfigurationList;
			buildConfigurations = (
				C01FCF4B08A954540054247B /* Debug */,
				C01FCF4C08A954540054247B /* Release */,
			);
			defaultConfigurationIsVisible = 0;
			defaultConfigurationName = Release;
		};
		C01FCF4E08A954540054247B /* Build configuration list for PBXProject "Hermes" */ = {
			isa = XCConfigurationList;
			buildConfigurations = (
				C01FCF4F08A954540054247B /* Debug */,
				C01FCF5008A954540054247B /* Release */,
			);
			defaultConfigurationIsVisible = 0;
			defaultConfigurationName = Release;
		};
/* End XCConfigurationList section */
	};
	rootObject = 29B97313FDCFA39411CA2CEA /* Project object */;
}
